// !$*UTF8*$!
{
	archiveVersion = 1;
	classes = {
	};
	objectVersion = 50;
	objects = {

/* Begin PBXBuildFile section */
		93122F56224A391100051AC5 /* main.swift in Sources */ = {isa = PBXBuildFile; fileRef = 93122F55224A391100051AC5 /* main.swift */; };
		93122F5D224A394400051AC5 /* 001_two_sum.swift in Sources */ = {isa = PBXBuildFile; fileRef = 93122F5C224A394400051AC5 /* 001_two_sum.swift */; };
		93122F60224A3CCD00051AC5 /* Foundation.framework in Frameworks */ = {isa = PBXBuildFile; fileRef = 93122F5F224A3CCD00051AC5 /* Foundation.framework */; };
		93122F62224A5FDD00051AC5 /* 002_add_two_number.swift in Sources */ = {isa = PBXBuildFile; fileRef = 93122F61224A5FDD00051AC5 /* 002_add_two_number.swift */; };
		93122F64224A72BA00051AC5 /* 003_longest_substring_without_repeat_char.swift in Sources */ = {isa = PBXBuildFile; fileRef = 93122F63224A72BA00051AC5 /* 003_longest_substring_without_repeat_char.swift */; };
		93122F66224B239E00051AC5 /* 004_median_of_two_sorrted_arrays.swift in Sources */ = {isa = PBXBuildFile; fileRef = 93122F65224B239D00051AC5 /* 004_median_of_two_sorrted_arrays.swift */; };
		93122F68224B3BA600051AC5 /* 005_Longest_Palindromic_Substring.swift in Sources */ = {isa = PBXBuildFile; fileRef = 93122F67224B3BA600051AC5 /* 005_Longest_Palindromic_Substring.swift */; };
		93122F82224BD06600051AC5 /* 006_ZigZag_Conversion.swift in Sources */ = {isa = PBXBuildFile; fileRef = 93122F81224BD06600051AC5 /* 006_ZigZag_Conversion.swift */; };
		93122F84224BD53200051AC5 /* 007_Revease_Integer.swift in Sources */ = {isa = PBXBuildFile; fileRef = 93122F83224BD53200051AC5 /* 007_Revease_Integer.swift */; };
		93122F86224BD75D00051AC5 /* 008_String_to_Interger.swift in Sources */ = {isa = PBXBuildFile; fileRef = 93122F85224BD75D00051AC5 /* 008_String_to_Interger.swift */; };
		9312FB6F24D27BB500F6515A /* 215_Kth_Largest_Element_in_an_Array.swift in Sources */ = {isa = PBXBuildFile; fileRef = 9312FB6E24D27BB500F6515A /* 215_Kth_Largest_Element_in_an_Array.swift */; };
		9312FB7124D2B57700F6515A /* 236_Lowest_Common_Ancestor_of_a_Binary_Tree.swift in Sources */ = {isa = PBXBuildFile; fileRef = 9312FB7024D2B57700F6515A /* 236_Lowest_Common_Ancestor_of_a_Binary_Tree.swift */; };
		9312FB7324D2C08200F6515A /* 146_LRU_Cache.swift in Sources */ = {isa = PBXBuildFile; fileRef = 9312FB7224D2C08200F6515A /* 146_LRU_Cache.swift */; };
		9312FB7524D2D18600F6515A /* 543_Diameter_of_Binary_Tree.swift in Sources */ = {isa = PBXBuildFile; fileRef = 9312FB7424D2D18600F6515A /* 543_Diameter_of_Binary_Tree.swift */; };
		9312FB7724D3BE3600F6515A /* 394_Decode_String.swift in Sources */ = {isa = PBXBuildFile; fileRef = 9312FB7624D3BE3600F6515A /* 394_Decode_String.swift */; };
		9312FB7924D3E2A100F6515A /* JianZhiOffer_09_Two_Stack_For_Queue.swift in Sources */ = {isa = PBXBuildFile; fileRef = 9312FB7824D3E2A100F6515A /* JianZhiOffer_09_Two_Stack_For_Queue.swift */; };
		9312FB7B24D3EEA200F6515A /* 226_Invert_Binary_Tree.swift in Sources */ = {isa = PBXBuildFile; fileRef = 9312FB7A24D3EEA200F6515A /* 226_Invert_Binary_Tree.swift */; };
		9312FB7D24D3F36500F6515A /* 300_Longest_Increasing_Subsequence.swift in Sources */ = {isa = PBXBuildFile; fileRef = 9312FB7C24D3F36500F6515A /* 300_Longest_Increasing_Subsequence.swift */; };
		9312FB7F24D4087900F6515A /* 199_Binary_Tree_Right_Side_View.swift in Sources */ = {isa = PBXBuildFile; fileRef = 9312FB7E24D4087900F6515A /* 199_Binary_Tree_Right_Side_View.swift */; };
		9312FB8124D4103F00F6515A /* 190_Reverse_Bits.swift in Sources */ = {isa = PBXBuildFile; fileRef = 9312FB8024D4103F00F6515A /* 190_Reverse_Bits.swift */; };
		9312FB8324D418B400F6515A /* 033_Search_in_Rotated_Sorted_Array.swift in Sources */ = {isa = PBXBuildFile; fileRef = 9312FB8224D418B400F6515A /* 033_Search_in_Rotated_Sorted_Array.swift */; };
		9312FB8524D43DC900F6515A /* 151_Reverse_Words_in_a_String.swift in Sources */ = {isa = PBXBuildFile; fileRef = 9312FB8424D43DC900F6515A /* 151_Reverse_Words_in_a_String.swift */; };
		9312FB8724D4429F00F6515A /* 958_Check_Completeness_of_a_Binary_Tree.swift in Sources */ = {isa = PBXBuildFile; fileRef = 9312FB8624D4429F00F6515A /* 958_Check_Completeness_of_a_Binary_Tree.swift */; };
		9312FB8924D447F100F6515A /* 344_Reverse_String.swift in Sources */ = {isa = PBXBuildFile; fileRef = 9312FB8824D447F100F6515A /* 344_Reverse_String.swift */; };
		931B1A6A24C56D2D00E79991 /* 027_Remove_Element.swift in Sources */ = {isa = PBXBuildFile; fileRef = 931B1A6924C56D2D00E79991 /* 027_Remove_Element.swift */; };
		931B1A6C24C570D700E79991 /* 026_Remove_Duplicates_from_Sorted_Array.swift in Sources */ = {isa = PBXBuildFile; fileRef = 931B1A6B24C570D700E79991 /* 026_Remove_Duplicates_from_Sorted_Array.swift */; };
		931B1A6E24C57F0100E79991 /* 080_Remove_Duplicates_from_Sorted_Array_2.swift in Sources */ = {isa = PBXBuildFile; fileRef = 931B1A6D24C57F0100E79991 /* 080_Remove_Duplicates_from_Sorted_Array_2.swift */; };
		931B1A7024C694C100E79991 /* 066_Plus_One.swift in Sources */ = {isa = PBXBuildFile; fileRef = 931B1A6F24C694C100E79991 /* 066_Plus_One.swift */; };
		931B1A7224C69B9600E79991 /* 118_Pascals_Triangle.swift in Sources */ = {isa = PBXBuildFile; fileRef = 931B1A7124C69B9600E79991 /* 118_Pascals_Triangle.swift */; };
		931B1A7424C69E8400E79991 /* 119_Pascals_Triangle_2.swift in Sources */ = {isa = PBXBuildFile; fileRef = 931B1A7324C69E8400E79991 /* 119_Pascals_Triangle_2.swift */; };
		931B1A7624C6A9F900E79991 /* 088_Merge_Sorted_Array.swift in Sources */ = {isa = PBXBuildFile; fileRef = 931B1A7524C6A9F900E79991 /* 088_Merge_Sorted_Array.swift */; };
		931B1A7824C6ADD400E79991 /* 015_3Sum.swift in Sources */ = {isa = PBXBuildFile; fileRef = 931B1A7724C6ADD400E79991 /* 015_3Sum.swift */; };
		931B1A7A24C6C51C00E79991 /* 016_3Num_closest.swift in Sources */ = {isa = PBXBuildFile; fileRef = 931B1A7924C6C51C00E79991 /* 016_3Num_closest.swift */; };
		931B1A7C24C6CC6800E79991 /* 018_4Sum.swift in Sources */ = {isa = PBXBuildFile; fileRef = 931B1A7B24C6CC6800E79991 /* 018_4Sum.swift */; };
		931B1A7E24C6EFB400E79991 /* 153_Find_Minimum_in_Rotated_Sorted_Array.swift in Sources */ = {isa = PBXBuildFile; fileRef = 931B1A7D24C6EFB400E79991 /* 153_Find_Minimum_in_Rotated_Sorted_Array.swift */; };
		931B1A8024C6EFD400E79991 /* 154_Find_Minimum_in_Rotated_Sorted_Array_2.swift in Sources */ = {isa = PBXBuildFile; fileRef = 931B1A7F24C6EFD400E79991 /* 154_Find_Minimum_in_Rotated_Sorted_Array_2.swift */; };
		931B1A8224C716F400E79991 /* 084_Largest_Rectangle_in_Histogram.swift in Sources */ = {isa = PBXBuildFile; fileRef = 931B1A8124C716F400E79991 /* 084_Largest_Rectangle_in_Histogram.swift */; };
		931B1A8424C72AD000E79991 /* 085_Maximal_Rectangle.swift in Sources */ = {isa = PBXBuildFile; fileRef = 931B1A8324C72AD000E79991 /* 085_Maximal_Rectangle.swift */; };
		931B1A8624C7404B00E79991 /* 074_Search_a_2D_Matrix.swift in Sources */ = {isa = PBXBuildFile; fileRef = 931B1A8524C7404B00E79991 /* 074_Search_a_2D_Matrix.swift */; };
		931B1A8824C743E900E79991 /* 034_Find_First_and_Last_Position_of_Element_in_Sorted_Array.swift in Sources */ = {isa = PBXBuildFile; fileRef = 931B1A8724C743E900E79991 /* 034_Find_First_and_Last_Position_of_Element_in_Sorted_Array.swift */; };
		931B1A8A24C74AB600E79991 /* 035_Search_Insert_Position.swift in Sources */ = {isa = PBXBuildFile; fileRef = 931B1A8924C74AB600E79991 /* 035_Search_Insert_Position.swift */; };
		931B1A8C24C74C7300E79991 /* 162_Find_Peak_Element.swift in Sources */ = {isa = PBXBuildFile; fileRef = 931B1A8B24C74C7300E79991 /* 162_Find_Peak_Element.swift */; };
		931B1A8E24C7D61000E79991 /* 268_Missing_Number.swift in Sources */ = {isa = PBXBuildFile; fileRef = 931B1A8D24C7D61000E79991 /* 268_Missing_Number.swift */; };
		931B1A9024C7DC4600E79991 /* 231_Power_of_Two.swift in Sources */ = {isa = PBXBuildFile; fileRef = 931B1A8F24C7DC4600E79991 /* 231_Power_of_Two.swift */; };
		931B1A9224C7E0C000E79991 /* 191_Number_of_1_Bits.swift in Sources */ = {isa = PBXBuildFile; fileRef = 931B1A9124C7E0C000E79991 /* 191_Number_of_1_Bits.swift */; };
		931B1A9424C7E3C700E79991 /* 104_Maximum_Depth_of_Binary_Tree.swift in Sources */ = {isa = PBXBuildFile; fileRef = 931B1A9324C7E3C700E79991 /* 104_Maximum_Depth_of_Binary_Tree.swift */; };
		931B1A9624C825BB00E79991 /* TreeHelper.swift in Sources */ = {isa = PBXBuildFile; fileRef = 931B1A9524C825BB00E79991 /* TreeHelper.swift */; };
		931B1A9824C828A100E79991 /* 111_Minimum_Depth_of_Binary_Tree.swift in Sources */ = {isa = PBXBuildFile; fileRef = 931B1A9724C828A100E79991 /* 111_Minimum_Depth_of_Binary_Tree.swift */; };
		931B1A9A24C82B1A00E79991 /* 106_Construct_Binary_Tree_from_Inorder_and_Postorder_Traversal.swift in Sources */ = {isa = PBXBuildFile; fileRef = 931B1A9924C82B1A00E79991 /* 106_Construct_Binary_Tree_from_Inorder_and_Postorder_Traversal.swift */; };
		931B1A9C24C838B300E79991 /* 105_Construct_Binary_Tree_from_Preorder_and_Inorder_Traversal.swift in Sources */ = {isa = PBXBuildFile; fileRef = 931B1A9B24C838B300E79991 /* 105_Construct_Binary_Tree_from_Preorder_and_Inorder_Traversal.swift */; };
		931B1AA024C84CCF00E79991 /* 102_Binary_Tree_Level_Order_Traversal.swift in Sources */ = {isa = PBXBuildFile; fileRef = 931B1A9F24C84CCF00E79991 /* 102_Binary_Tree_Level_Order_Traversal.swift */; };
		931B1AA224C8524900E79991 /* 107_Binary_Tree_Level_Order_Traversal_2.swift in Sources */ = {isa = PBXBuildFile; fileRef = 931B1AA124C8524900E79991 /* 107_Binary_Tree_Level_Order_Traversal_2.swift */; };
		931B1AA424C855F200E79991 /* 103_Binary_Tree_Zigzag_Level_Order_Traversal.swift in Sources */ = {isa = PBXBuildFile; fileRef = 931B1AA324C855F200E79991 /* 103_Binary_Tree_Zigzag_Level_Order_Traversal.swift */; };
		931B1AA624C858A900E79991 /* 101_Symmetric_Tree.swift in Sources */ = {isa = PBXBuildFile; fileRef = 931B1AA524C858A900E79991 /* 101_Symmetric_Tree.swift */; };
		931B1AA824C85CCE00E79991 /* 100_Same_Tree.swift in Sources */ = {isa = PBXBuildFile; fileRef = 931B1AA724C85CCE00E79991 /* 100_Same_Tree.swift */; };
		931B1AAA24C85E9800E79991 /* 110_Balanced_Binary_Tree.swift in Sources */ = {isa = PBXBuildFile; fileRef = 931B1AA924C85E9800E79991 /* 110_Balanced_Binary_Tree.swift */; };
		931B1AAC24C85EB200E79991 /* 112_Path_Sum.swift in Sources */ = {isa = PBXBuildFile; fileRef = 931B1AAB24C85EB200E79991 /* 112_Path_Sum.swift */; };
		931B1AAE24C8761A00E79991 /* 113_Path_sum_2.swift in Sources */ = {isa = PBXBuildFile; fileRef = 931B1AAD24C8761A00E79991 /* 113_Path_sum_2.swift */; };
		931B1AB024C87B0C00E79991 /* 144_Binary_Tree_Preorder_Traversal.swift in Sources */ = {isa = PBXBuildFile; fileRef = 931B1AAF24C87B0C00E79991 /* 144_Binary_Tree_Preorder_Traversal.swift */; };
		931B1AB224C87B4200E79991 /* 145_Binary_Tree_Inorder_Traversal.swift in Sources */ = {isa = PBXBuildFile; fileRef = 931B1AB124C87B4200E79991 /* 145_Binary_Tree_Inorder_Traversal.swift */; };
		931B1AB424C87B7000E79991 /* 094_Binary_Tree_Inorder_Traversal.swift in Sources */ = {isa = PBXBuildFile; fileRef = 931B1AB324C87B7000E79991 /* 094_Binary_Tree_Inorder_Traversal.swift */; };
		931B1AB624C87F1A00E79991 /* 114_Flatten_Binary_Tree_to_Linked_List.swift in Sources */ = {isa = PBXBuildFile; fileRef = 931B1AB524C87F1A00E79991 /* 114_Flatten_Binary_Tree_to_Linked_List.swift */; };
		931B1AB824C8846500E79991 /* 098_Validate_Binary_Search_Tree.swift in Sources */ = {isa = PBXBuildFile; fileRef = 931B1AB724C8846500E79991 /* 098_Validate_Binary_Search_Tree.swift */; };
		931B1ABA24C924C700E79991 /* 116_Populating_Next_Right_Pointers_in_Each_Node.swift in Sources */ = {isa = PBXBuildFile; fileRef = 931B1AB924C924C700E79991 /* 116_Populating_Next_Right_Pointers_in_Each_Node.swift */; };
		931B1ABC24C92AA500E79991 /* 117_Populating_Next_Right_Pointers_in_Each_Node_2.swift in Sources */ = {isa = PBXBuildFile; fileRef = 931B1ABB24C92AA500E79991 /* 117_Populating_Next_Right_Pointers_in_Each_Node_2.swift */; };
		931B1AC024C975FA00E79991 /* 109_Convert_Sorted_List_to_Binary_Search_Tree.swift in Sources */ = {isa = PBXBuildFile; fileRef = 931B1ABF24C975FA00E79991 /* 109_Convert_Sorted_List_to_Binary_Search_Tree.swift */; };
		931B1AC224C97BEE00E79991 /* 108_Convert_Sorted_Array_to_Binary_Search_Tree.swift in Sources */ = {isa = PBXBuildFile; fileRef = 931B1AC124C97BEE00E79991 /* 108_Convert_Sorted_Array_to_Binary_Search_Tree.swift */; };
		931B1AC424C97EC300E79991 /* 099_Recover_Binary_Search_Tree.swift in Sources */ = {isa = PBXBuildFile; fileRef = 931B1AC324C97EC300E79991 /* 099_Recover_Binary_Search_Tree.swift */; };
		931B1AC624C99C4C00E79991 /* 257_Binary_Tree_Paths.swift in Sources */ = {isa = PBXBuildFile; fileRef = 931B1AC524C99C4C00E79991 /* 257_Binary_Tree_Paths.swift */; };
		931B1AC824C99F3800E79991 /* 129_Sum_Root_to_Leaf_Numbers.swift in Sources */ = {isa = PBXBuildFile; fileRef = 931B1AC724C99F3800E79991 /* 129_Sum_Root_to_Leaf_Numbers.swift */; };
		931B1ACA24C9B01C00E79991 /* 077_Combinations.swift in Sources */ = {isa = PBXBuildFile; fileRef = 931B1AC924C9B01C00E79991 /* 077_Combinations.swift */; };
		931B1ACC24C9BDF900E79991 /* 039_Combination_Sum.swift in Sources */ = {isa = PBXBuildFile; fileRef = 931B1ACB24C9BDF900E79991 /* 039_Combination_Sum.swift */; };
		931B1ACE24C9C11500E79991 /* 040_Combination_Sum_2.swift in Sources */ = {isa = PBXBuildFile; fileRef = 931B1ACD24C9C11500E79991 /* 040_Combination_Sum_2.swift */; };
		931B1AD024C9C45000E79991 /* 017_Letter_Combinations_of_a_Phone_Number.swift in Sources */ = {isa = PBXBuildFile; fileRef = 931B1ACF24C9C45000E79991 /* 017_Letter_Combinations_of_a_Phone_Number.swift */; };
		931B1AD224C9D06100E79991 /* 078_Subsets.swift in Sources */ = {isa = PBXBuildFile; fileRef = 931B1AD124C9D06100E79991 /* 078_Subsets.swift */; };
		931B1AD424C9D57000E79991 /* 090_Subsets_2.swift in Sources */ = {isa = PBXBuildFile; fileRef = 931B1AD324C9D57000E79991 /* 090_Subsets_2.swift */; };
		931B1AD624C9D7D200E79991 /* 046_Permutations.swift in Sources */ = {isa = PBXBuildFile; fileRef = 931B1AD524C9D7D200E79991 /* 046_Permutations.swift */; };
		931B1AD824C9D7E300E79991 /* 047_Permutations_2.swift in Sources */ = {isa = PBXBuildFile; fileRef = 931B1AD724C9D7E300E79991 /* 047_Permutations_2.swift */; };
		931B1ADA24CA7C2900E79991 /* 121_Best_Time_to_Buy_and_Sell_Stock.swift in Sources */ = {isa = PBXBuildFile; fileRef = 931B1AD924CA7C2900E79991 /* 121_Best_Time_to_Buy_and_Sell_Stock.swift */; };
		931B1ADC24CA813E00E79991 /* 122_Best_Time_to_Buy_and_Sell_Stock_2.swift in Sources */ = {isa = PBXBuildFile; fileRef = 931B1ADB24CA813E00E79991 /* 122_Best_Time_to_Buy_and_Sell_Stock_2.swift */; };
		931B1ADE24CA869100E79991 /* 123_Best_Time_to_Buy_and_Sell_Stock_3.swift in Sources */ = {isa = PBXBuildFile; fileRef = 931B1ADD24CA869100E79991 /* 123_Best_Time_to_Buy_and_Sell_Stock_3.swift */; };
		931B1AE024CAD5A500E79991 /* 188_Best_Time_to_Buy_and_Sell_Stock.swift in Sources */ = {isa = PBXBuildFile; fileRef = 931B1ADF24CAD5A500E79991 /* 188_Best_Time_to_Buy_and_Sell_Stock.swift */; };
		931B1AE224CADE6100E79991 /* 062_Unique_Paths.swift in Sources */ = {isa = PBXBuildFile; fileRef = 931B1AE124CADE6100E79991 /* 062_Unique_Paths.swift */; };
		931B1AE424CAFA6A00E79991 /* 063_Unique_Paths_2.swift in Sources */ = {isa = PBXBuildFile; fileRef = 931B1AE324CAFA6A00E79991 /* 063_Unique_Paths_2.swift */; };
		931B1AE824CB00D500E79991 /* 064_Minimum_Path_Sum.swift in Sources */ = {isa = PBXBuildFile; fileRef = 931B1AE724CB00D500E79991 /* 064_Minimum_Path_Sum.swift */; };
		931B1AEA24CB01E900E79991 /* 053_Maximum_Subarray.swift in Sources */ = {isa = PBXBuildFile; fileRef = 931B1AE924CB01E900E79991 /* 053_Maximum_Subarray.swift */; };
		931B1AEC24CB0BA600E79991 /* 152_Maximum_Product_Subarray.swift in Sources */ = {isa = PBXBuildFile; fileRef = 931B1AEB24CB0BA600E79991 /* 152_Maximum_Product_Subarray.swift */; };
		931B1AEE24CB0E7200E79991 /* 070_Climbing_Stairs.swift in Sources */ = {isa = PBXBuildFile; fileRef = 931B1AED24CB0E7200E79991 /* 070_Climbing_Stairs.swift */; };
		931B1AF024CB126700E79991 /* 120_Triangle.swift in Sources */ = {isa = PBXBuildFile; fileRef = 931B1AEF24CB126700E79991 /* 120_Triangle.swift */; };
		931B1AF224CB1CD400E79991 /* 096_Unique_Binary_Search_Trees.swift in Sources */ = {isa = PBXBuildFile; fileRef = 931B1AF124CB1CD400E79991 /* 096_Unique_Binary_Search_Trees.swift */; };
		931B1AF424CB1E4800E79991 /* 095_Unique_Binary_Search_Trees_2.swift in Sources */ = {isa = PBXBuildFile; fileRef = 931B1AF324CB1E4800E79991 /* 095_Unique_Binary_Search_Trees_2.swift */; };
		931B1AF624CB2ADB00E79991 /* 279_Perfect_Squares.swift in Sources */ = {isa = PBXBuildFile; fileRef = 931B1AF524CB2ADB00E79991 /* 279_Perfect_Squares.swift */; };
		931B1AF824CC109500E79991 /* 065_Jump_Game.swift in Sources */ = {isa = PBXBuildFile; fileRef = 931B1AF724CC109500E79991 /* 065_Jump_Game.swift */; };
		931B1AFA24CC17BC00E79991 /* 045_Jump_Game_2.swift in Sources */ = {isa = PBXBuildFile; fileRef = 931B1AF924CC17BC00E79991 /* 045_Jump_Game_2.swift */; };
		9347D29D22684C43002C8D7C /* 012_Integer_to_Roman.swift in Sources */ = {isa = PBXBuildFile; fileRef = 9347D29C22684C43002C8D7C /* 012_Integer_to_Roman.swift */; };
		9347D2AE22688B0D002C8D7C /* 013_Roman_to_Integer.swift in Sources */ = {isa = PBXBuildFile; fileRef = 9347D2AD22688B0D002C8D7C /* 013_Roman_to_Integer.swift */; };
		9347D2B022688E43002C8D7C /* 014_Longest_Common_Prefix.swift in Sources */ = {isa = PBXBuildFile; fileRef = 9347D2AF22688E43002C8D7C /* 014_Longest_Common_Prefix.swift */; };
		93A96DFE24EBB3540007DC48 /* 912_Sort_an_Array.swift in Sources */ = {isa = PBXBuildFile; fileRef = 93A96DFD24EBB3540007DC48 /* 912_Sort_an_Array.swift */; };
		93CD422D24CC2807008C72B5 /* 134_Gas_Station.swift in Sources */ = {isa = PBXBuildFile; fileRef = 93CD422C24CC2807008C72B5 /* 134_Gas_Station.swift */; };
		93CD422F24CC2DB2008C72B5 /* 135_Candy.swift in Sources */ = {isa = PBXBuildFile; fileRef = 93CD422E24CC2DB2008C72B5 /* 135_Candy.swift */; };
		93CD423124CC3464008C72B5 /* 139_Word_Break.swift in Sources */ = {isa = PBXBuildFile; fileRef = 93CD423024CC3464008C72B5 /* 139_Word_Break.swift */; };
		93CD423324CC3485008C72B5 /* 140_Word_Break_2.swift in Sources */ = {isa = PBXBuildFile; fileRef = 93CD423224CC3485008C72B5 /* 140_Word_Break_2.swift */; };
		93CD423524CC6363008C72B5 /* 067_Add_Binary.swift in Sources */ = {isa = PBXBuildFile; fileRef = 93CD423424CC6363008C72B5 /* 067_Add_Binary.swift */; };
		93CD423724CC6D59008C72B5 /* 227_Basic_Calculation_2.swift in Sources */ = {isa = PBXBuildFile; fileRef = 93CD423624CC6D59008C72B5 /* 227_Basic_Calculation_2.swift */; };
		93CD423924CD78B5008C72B5 /* 141_Link_List_Cycle.swift in Sources */ = {isa = PBXBuildFile; fileRef = 93CD423824CD78B5008C72B5 /* 141_Link_List_Cycle.swift */; };
		93CD423B24CD8297008C72B5 /* 142_Link_List_Cycle_2.swift in Sources */ = {isa = PBXBuildFile; fileRef = 93CD423A24CD8297008C72B5 /* 142_Link_List_Cycle_2.swift */; };
		93CD423D24CD85D7008C72B5 /* 160_Intersection_of_Two_Linked_Lists.swift in Sources */ = {isa = PBXBuildFile; fileRef = 93CD423C24CD85D7008C72B5 /* 160_Intersection_of_Two_Linked_Lists.swift */; };
		93CD424124CD918E008C72B5 /* 083_Remove_Duplicates_from_Sorted_List.swift in Sources */ = {isa = PBXBuildFile; fileRef = 93CD424024CD918E008C72B5 /* 083_Remove_Duplicates_from_Sorted_List.swift */; };
		93CD424324CD9363008C72B5 /* 082_Remove_Duplicates_from_Sorted_List_2.swift in Sources */ = {isa = PBXBuildFile; fileRef = 93CD424224CD9363008C72B5 /* 082_Remove_Duplicates_from_Sorted_List_2.swift */; };
		93CD424524CD96AE008C72B5 /* 021_Merge_Two_Sorted_Lists.swift in Sources */ = {isa = PBXBuildFile; fileRef = 93CD424424CD96AE008C72B5 /* 021_Merge_Two_Sorted_Lists.swift */; };
		93CD424724CDA2DD008C72B5 /* 023_Merge_k_Sorted_Lists.swift in Sources */ = {isa = PBXBuildFile; fileRef = 93CD424624CDA2DD008C72B5 /* 023_Merge_k_Sorted_Lists.swift */; };
		93CD424924CE783E008C72B5 /* 283_Move_Zeroes.swift in Sources */ = {isa = PBXBuildFile; fileRef = 93CD424824CE783E008C72B5 /* 283_Move_Zeroes.swift */; };
		93CD424B24CE8AC1008C72B5 /* 589_N_ary_Tree_Preorder_Traversal.swift in Sources */ = {isa = PBXBuildFile; fileRef = 93CD424A24CE8AC1008C72B5 /* 589_N_ary_Tree_Preorder_Traversal.swift */; };
		93CD424D24CE8D1C008C72B5 /* 590_N_ary_Tree_Postorder_Traversal.swift in Sources */ = {isa = PBXBuildFile; fileRef = 93CD424C24CE8D1C008C72B5 /* 590_N_ary_Tree_Postorder_Traversal.swift */; };
		93CD424F24CEB0B5008C72B5 /* 022_Generate_Parentheses.swift in Sources */ = {isa = PBXBuildFile; fileRef = 93CD424E24CEB0B5008C72B5 /* 022_Generate_Parentheses.swift */; };
		93CD425124CEC0E5008C72B5 /* 092_Reverse_Linked_List.swift in Sources */ = {isa = PBXBuildFile; fileRef = 93CD425024CEC0E5008C72B5 /* 092_Reverse_Linked_List.swift */; };
		93CD425324CECD9D008C72B5 /* 025_Reverse_Nodes_in_k_Group.swift in Sources */ = {isa = PBXBuildFile; fileRef = 93CD425224CECD9D008C72B5 /* 025_Reverse_Nodes_in_k_Group.swift */; };
		93CD425524CED7F0008C72B5 /* 024_Swap_Nodes_in_Pairs.swift in Sources */ = {isa = PBXBuildFile; fileRef = 93CD425424CED7F0008C72B5 /* 024_Swap_Nodes_in_Pairs.swift */; };
		93CD425724CED8EE008C72B5 /* 148_Sort_List.swift in Sources */ = {isa = PBXBuildFile; fileRef = 93CD425624CED8EE008C72B5 /* 148_Sort_List.swift */; };
		93CD425924CEEC36008C72B5 /* 147_Insertion_Sort_List.swift in Sources */ = {isa = PBXBuildFile; fileRef = 93CD425824CEEC36008C72B5 /* 147_Insertion_Sort_List.swift */; };
		93CD425B24CEF948008C72B5 /* 061_Rotate_List.swift in Sources */ = {isa = PBXBuildFile; fileRef = 93CD425A24CEF948008C72B5 /* 061_Rotate_List.swift */; };
		93CD425D24CF00BA008C72B5 /* 143_Reorder_List.swift in Sources */ = {isa = PBXBuildFile; fileRef = 93CD425C24CF00BA008C72B5 /* 143_Reorder_List.swift */; };
		93CD425F24CF0799008C72B5 /* 086_Partition_List.swift in Sources */ = {isa = PBXBuildFile; fileRef = 93CD425E24CF0799008C72B5 /* 086_Partition_List.swift */; };
		93CD426124CF0DCD008C72B5 /* 138_Copy_List_with_Random_Pointer.swift in Sources */ = {isa = PBXBuildFile; fileRef = 93CD426024CF0DCD008C72B5 /* 138_Copy_List_with_Random_Pointer.swift */; };
		93CD426324D156B8008C72B5 /* 048_Rotate_Image.swift in Sources */ = {isa = PBXBuildFile; fileRef = 93CD426224D156B8008C72B5 /* 048_Rotate_Image.swift */; };
		93CD426524D161F0008C72B5 /* 136_Single_Number.swift in Sources */ = {isa = PBXBuildFile; fileRef = 93CD426424D161F0008C72B5 /* 136_Single_Number.swift */; };
		93CD426724D16390008C72B5 /* 137_Single_Number_2.swift in Sources */ = {isa = PBXBuildFile; fileRef = 93CD426624D16390008C72B5 /* 137_Single_Number_2.swift */; };
		93CD426924D17B76008C72B5 /* 164_Maximum_Gap.swift in Sources */ = {isa = PBXBuildFile; fileRef = 93CD426824D17B76008C72B5 /* 164_Maximum_Gap.swift */; };
		93CD426B24D26426008C72B5 /* 206_Reverse_Linked_List.swift in Sources */ = {isa = PBXBuildFile; fileRef = 93CD426A24D26426008C72B5 /* 206_Reverse_Linked_List.swift */; };
		93EE2C2A226734CA00244540 /* 009_Palindrome_Number.swift in Sources */ = {isa = PBXBuildFile; fileRef = 93EE2C29226734CA00244540 /* 009_Palindrome_Number.swift */; };
		93EE2C2C22673AC300244540 /* 010_Regular_Expression_Matching.swift in Sources */ = {isa = PBXBuildFile; fileRef = 93EE2C2B22673AC300244540 /* 010_Regular_Expression_Matching.swift */; };
		93EE2C2E2268290C00244540 /* 011_Container_With_Most_Water.swift in Sources */ = {isa = PBXBuildFile; fileRef = 93EE2C2D2268290C00244540 /* 011_Container_With_Most_Water.swift */; };
/* End PBXBuildFile section */

/* Begin PBXCopyFilesBuildPhase section */
		93122F50224A391100051AC5 /* CopyFiles */ = {
			isa = PBXCopyFilesBuildPhase;
			buildActionMask = 2147483647;
			dstPath = /usr/share/man/man1/;
			dstSubfolderSpec = 0;
			files = (
			);
			runOnlyForDeploymentPostprocessing = 1;
		};
/* End PBXCopyFilesBuildPhase section */

/* Begin PBXFileReference section */
		93122F52224A391100051AC5 /* Swift-LeetCode */ = {isa = PBXFileReference; explicitFileType = "compiled.mach-o.executable"; includeInIndex = 0; path = "Swift-LeetCode"; sourceTree = BUILT_PRODUCTS_DIR; };
		93122F55224A391100051AC5 /* main.swift */ = {isa = PBXFileReference; lastKnownFileType = sourcecode.swift; path = main.swift; sourceTree = "<group>"; };
		93122F5C224A394400051AC5 /* 001_two_sum.swift */ = {isa = PBXFileReference; lastKnownFileType = sourcecode.swift; path = 001_two_sum.swift; sourceTree = "<group>"; };
		93122F5F224A3CCD00051AC5 /* Foundation.framework */ = {isa = PBXFileReference; lastKnownFileType = wrapper.framework; name = Foundation.framework; path = System/Library/Frameworks/Foundation.framework; sourceTree = SDKROOT; };
		93122F61224A5FDD00051AC5 /* 002_add_two_number.swift */ = {isa = PBXFileReference; lastKnownFileType = sourcecode.swift; path = 002_add_two_number.swift; sourceTree = "<group>"; };
		93122F63224A72BA00051AC5 /* 003_longest_substring_without_repeat_char.swift */ = {isa = PBXFileReference; lastKnownFileType = sourcecode.swift; path = 003_longest_substring_without_repeat_char.swift; sourceTree = "<group>"; };
		93122F65224B239D00051AC5 /* 004_median_of_two_sorrted_arrays.swift */ = {isa = PBXFileReference; lastKnownFileType = sourcecode.swift; path = 004_median_of_two_sorrted_arrays.swift; sourceTree = "<group>"; };
		93122F67224B3BA600051AC5 /* 005_Longest_Palindromic_Substring.swift */ = {isa = PBXFileReference; lastKnownFileType = sourcecode.swift; path = 005_Longest_Palindromic_Substring.swift; sourceTree = "<group>"; };
		93122F81224BD06600051AC5 /* 006_ZigZag_Conversion.swift */ = {isa = PBXFileReference; lastKnownFileType = sourcecode.swift; path = 006_ZigZag_Conversion.swift; sourceTree = "<group>"; };
		93122F83224BD53200051AC5 /* 007_Revease_Integer.swift */ = {isa = PBXFileReference; lastKnownFileType = sourcecode.swift; path = 007_Revease_Integer.swift; sourceTree = "<group>"; };
		93122F85224BD75D00051AC5 /* 008_String_to_Interger.swift */ = {isa = PBXFileReference; lastKnownFileType = sourcecode.swift; path = 008_String_to_Interger.swift; sourceTree = "<group>"; };
		9312FB6E24D27BB500F6515A /* 215_Kth_Largest_Element_in_an_Array.swift */ = {isa = PBXFileReference; lastKnownFileType = sourcecode.swift; path = 215_Kth_Largest_Element_in_an_Array.swift; sourceTree = "<group>"; };
		9312FB7024D2B57700F6515A /* 236_Lowest_Common_Ancestor_of_a_Binary_Tree.swift */ = {isa = PBXFileReference; lastKnownFileType = sourcecode.swift; path = 236_Lowest_Common_Ancestor_of_a_Binary_Tree.swift; sourceTree = "<group>"; };
		9312FB7224D2C08200F6515A /* 146_LRU_Cache.swift */ = {isa = PBXFileReference; lastKnownFileType = sourcecode.swift; path = 146_LRU_Cache.swift; sourceTree = "<group>"; };
		9312FB7424D2D18600F6515A /* 543_Diameter_of_Binary_Tree.swift */ = {isa = PBXFileReference; lastKnownFileType = sourcecode.swift; path = 543_Diameter_of_Binary_Tree.swift; sourceTree = "<group>"; };
		9312FB7624D3BE3600F6515A /* 394_Decode_String.swift */ = {isa = PBXFileReference; lastKnownFileType = sourcecode.swift; path = 394_Decode_String.swift; sourceTree = "<group>"; };
		9312FB7824D3E2A100F6515A /* JianZhiOffer_09_Two_Stack_For_Queue.swift */ = {isa = PBXFileReference; lastKnownFileType = sourcecode.swift; path = JianZhiOffer_09_Two_Stack_For_Queue.swift; sourceTree = "<group>"; };
		9312FB7A24D3EEA200F6515A /* 226_Invert_Binary_Tree.swift */ = {isa = PBXFileReference; lastKnownFileType = sourcecode.swift; path = 226_Invert_Binary_Tree.swift; sourceTree = "<group>"; };
		9312FB7C24D3F36500F6515A /* 300_Longest_Increasing_Subsequence.swift */ = {isa = PBXFileReference; lastKnownFileType = sourcecode.swift; path = 300_Longest_Increasing_Subsequence.swift; sourceTree = "<group>"; };
		9312FB7E24D4087900F6515A /* 199_Binary_Tree_Right_Side_View.swift */ = {isa = PBXFileReference; lastKnownFileType = sourcecode.swift; path = 199_Binary_Tree_Right_Side_View.swift; sourceTree = "<group>"; };
		9312FB8024D4103F00F6515A /* 190_Reverse_Bits.swift */ = {isa = PBXFileReference; lastKnownFileType = sourcecode.swift; path = 190_Reverse_Bits.swift; sourceTree = "<group>"; };
		9312FB8224D418B400F6515A /* 033_Search_in_Rotated_Sorted_Array.swift */ = {isa = PBXFileReference; lastKnownFileType = sourcecode.swift; path = 033_Search_in_Rotated_Sorted_Array.swift; sourceTree = "<group>"; };
		9312FB8424D43DC900F6515A /* 151_Reverse_Words_in_a_String.swift */ = {isa = PBXFileReference; lastKnownFileType = sourcecode.swift; path = 151_Reverse_Words_in_a_String.swift; sourceTree = "<group>"; };
		9312FB8624D4429F00F6515A /* 958_Check_Completeness_of_a_Binary_Tree.swift */ = {isa = PBXFileReference; lastKnownFileType = sourcecode.swift; path = 958_Check_Completeness_of_a_Binary_Tree.swift; sourceTree = "<group>"; };
		9312FB8824D447F100F6515A /* 344_Reverse_String.swift */ = {isa = PBXFileReference; lastKnownFileType = sourcecode.swift; path = 344_Reverse_String.swift; sourceTree = "<group>"; };
		931B1A6924C56D2D00E79991 /* 027_Remove_Element.swift */ = {isa = PBXFileReference; lastKnownFileType = sourcecode.swift; path = 027_Remove_Element.swift; sourceTree = "<group>"; };
		931B1A6B24C570D700E79991 /* 026_Remove_Duplicates_from_Sorted_Array.swift */ = {isa = PBXFileReference; lastKnownFileType = sourcecode.swift; path = 026_Remove_Duplicates_from_Sorted_Array.swift; sourceTree = "<group>"; };
		931B1A6D24C57F0100E79991 /* 080_Remove_Duplicates_from_Sorted_Array_2.swift */ = {isa = PBXFileReference; lastKnownFileType = sourcecode.swift; path = 080_Remove_Duplicates_from_Sorted_Array_2.swift; sourceTree = "<group>"; };
		931B1A6F24C694C100E79991 /* 066_Plus_One.swift */ = {isa = PBXFileReference; lastKnownFileType = sourcecode.swift; path = 066_Plus_One.swift; sourceTree = "<group>"; };
		931B1A7124C69B9600E79991 /* 118_Pascals_Triangle.swift */ = {isa = PBXFileReference; lastKnownFileType = sourcecode.swift; path = 118_Pascals_Triangle.swift; sourceTree = "<group>"; };
		931B1A7324C69E8400E79991 /* 119_Pascals_Triangle_2.swift */ = {isa = PBXFileReference; lastKnownFileType = sourcecode.swift; path = 119_Pascals_Triangle_2.swift; sourceTree = "<group>"; };
		931B1A7524C6A9F900E79991 /* 088_Merge_Sorted_Array.swift */ = {isa = PBXFileReference; lastKnownFileType = sourcecode.swift; path = 088_Merge_Sorted_Array.swift; sourceTree = "<group>"; };
		931B1A7724C6ADD400E79991 /* 015_3Sum.swift */ = {isa = PBXFileReference; lastKnownFileType = sourcecode.swift; path = 015_3Sum.swift; sourceTree = "<group>"; };
		931B1A7924C6C51C00E79991 /* 016_3Num_closest.swift */ = {isa = PBXFileReference; lastKnownFileType = sourcecode.swift; path = 016_3Num_closest.swift; sourceTree = "<group>"; };
		931B1A7B24C6CC6800E79991 /* 018_4Sum.swift */ = {isa = PBXFileReference; lastKnownFileType = sourcecode.swift; path = 018_4Sum.swift; sourceTree = "<group>"; };
		931B1A7D24C6EFB400E79991 /* 153_Find_Minimum_in_Rotated_Sorted_Array.swift */ = {isa = PBXFileReference; lastKnownFileType = sourcecode.swift; path = 153_Find_Minimum_in_Rotated_Sorted_Array.swift; sourceTree = "<group>"; };
		931B1A7F24C6EFD400E79991 /* 154_Find_Minimum_in_Rotated_Sorted_Array_2.swift */ = {isa = PBXFileReference; lastKnownFileType = sourcecode.swift; path = 154_Find_Minimum_in_Rotated_Sorted_Array_2.swift; sourceTree = "<group>"; };
		931B1A8124C716F400E79991 /* 084_Largest_Rectangle_in_Histogram.swift */ = {isa = PBXFileReference; lastKnownFileType = sourcecode.swift; path = 084_Largest_Rectangle_in_Histogram.swift; sourceTree = "<group>"; };
		931B1A8324C72AD000E79991 /* 085_Maximal_Rectangle.swift */ = {isa = PBXFileReference; lastKnownFileType = sourcecode.swift; path = 085_Maximal_Rectangle.swift; sourceTree = "<group>"; };
		931B1A8524C7404B00E79991 /* 074_Search_a_2D_Matrix.swift */ = {isa = PBXFileReference; lastKnownFileType = sourcecode.swift; path = 074_Search_a_2D_Matrix.swift; sourceTree = "<group>"; };
		931B1A8724C743E900E79991 /* 034_Find_First_and_Last_Position_of_Element_in_Sorted_Array.swift */ = {isa = PBXFileReference; lastKnownFileType = sourcecode.swift; path = 034_Find_First_and_Last_Position_of_Element_in_Sorted_Array.swift; sourceTree = "<group>"; };
		931B1A8924C74AB600E79991 /* 035_Search_Insert_Position.swift */ = {isa = PBXFileReference; lastKnownFileType = sourcecode.swift; path = 035_Search_Insert_Position.swift; sourceTree = "<group>"; };
		931B1A8B24C74C7300E79991 /* 162_Find_Peak_Element.swift */ = {isa = PBXFileReference; lastKnownFileType = sourcecode.swift; path = 162_Find_Peak_Element.swift; sourceTree = "<group>"; };
		931B1A8D24C7D61000E79991 /* 268_Missing_Number.swift */ = {isa = PBXFileReference; lastKnownFileType = sourcecode.swift; path = 268_Missing_Number.swift; sourceTree = "<group>"; };
		931B1A8F24C7DC4600E79991 /* 231_Power_of_Two.swift */ = {isa = PBXFileReference; lastKnownFileType = sourcecode.swift; path = 231_Power_of_Two.swift; sourceTree = "<group>"; };
		931B1A9124C7E0C000E79991 /* 191_Number_of_1_Bits.swift */ = {isa = PBXFileReference; lastKnownFileType = sourcecode.swift; path = 191_Number_of_1_Bits.swift; sourceTree = "<group>"; };
		931B1A9324C7E3C700E79991 /* 104_Maximum_Depth_of_Binary_Tree.swift */ = {isa = PBXFileReference; lastKnownFileType = sourcecode.swift; path = 104_Maximum_Depth_of_Binary_Tree.swift; sourceTree = "<group>"; };
		931B1A9524C825BB00E79991 /* TreeHelper.swift */ = {isa = PBXFileReference; lastKnownFileType = sourcecode.swift; path = TreeHelper.swift; sourceTree = "<group>"; };
		931B1A9724C828A100E79991 /* 111_Minimum_Depth_of_Binary_Tree.swift */ = {isa = PBXFileReference; lastKnownFileType = sourcecode.swift; path = 111_Minimum_Depth_of_Binary_Tree.swift; sourceTree = "<group>"; };
		931B1A9924C82B1A00E79991 /* 106_Construct_Binary_Tree_from_Inorder_and_Postorder_Traversal.swift */ = {isa = PBXFileReference; lastKnownFileType = sourcecode.swift; path = 106_Construct_Binary_Tree_from_Inorder_and_Postorder_Traversal.swift; sourceTree = "<group>"; };
		931B1A9B24C838B300E79991 /* 105_Construct_Binary_Tree_from_Preorder_and_Inorder_Traversal.swift */ = {isa = PBXFileReference; lastKnownFileType = sourcecode.swift; path = 105_Construct_Binary_Tree_from_Preorder_and_Inorder_Traversal.swift; sourceTree = "<group>"; };
		931B1A9F24C84CCF00E79991 /* 102_Binary_Tree_Level_Order_Traversal.swift */ = {isa = PBXFileReference; fileEncoding = 4; lastKnownFileType = sourcecode.swift; path = 102_Binary_Tree_Level_Order_Traversal.swift; sourceTree = "<group>"; };
		931B1AA124C8524900E79991 /* 107_Binary_Tree_Level_Order_Traversal_2.swift */ = {isa = PBXFileReference; lastKnownFileType = sourcecode.swift; path = 107_Binary_Tree_Level_Order_Traversal_2.swift; sourceTree = "<group>"; };
		931B1AA324C855F200E79991 /* 103_Binary_Tree_Zigzag_Level_Order_Traversal.swift */ = {isa = PBXFileReference; lastKnownFileType = sourcecode.swift; path = 103_Binary_Tree_Zigzag_Level_Order_Traversal.swift; sourceTree = "<group>"; };
		931B1AA524C858A900E79991 /* 101_Symmetric_Tree.swift */ = {isa = PBXFileReference; lastKnownFileType = sourcecode.swift; path = 101_Symmetric_Tree.swift; sourceTree = "<group>"; };
		931B1AA724C85CCE00E79991 /* 100_Same_Tree.swift */ = {isa = PBXFileReference; lastKnownFileType = sourcecode.swift; path = 100_Same_Tree.swift; sourceTree = "<group>"; };
		931B1AA924C85E9800E79991 /* 110_Balanced_Binary_Tree.swift */ = {isa = PBXFileReference; lastKnownFileType = sourcecode.swift; path = 110_Balanced_Binary_Tree.swift; sourceTree = "<group>"; };
		931B1AAB24C85EB200E79991 /* 112_Path_Sum.swift */ = {isa = PBXFileReference; lastKnownFileType = sourcecode.swift; path = 112_Path_Sum.swift; sourceTree = "<group>"; };
		931B1AAD24C8761A00E79991 /* 113_Path_sum_2.swift */ = {isa = PBXFileReference; lastKnownFileType = sourcecode.swift; path = 113_Path_sum_2.swift; sourceTree = "<group>"; };
		931B1AAF24C87B0C00E79991 /* 144_Binary_Tree_Preorder_Traversal.swift */ = {isa = PBXFileReference; lastKnownFileType = sourcecode.swift; path = 144_Binary_Tree_Preorder_Traversal.swift; sourceTree = "<group>"; };
		931B1AB124C87B4200E79991 /* 145_Binary_Tree_Inorder_Traversal.swift */ = {isa = PBXFileReference; lastKnownFileType = sourcecode.swift; path = 145_Binary_Tree_Inorder_Traversal.swift; sourceTree = "<group>"; };
		931B1AB324C87B7000E79991 /* 094_Binary_Tree_Inorder_Traversal.swift */ = {isa = PBXFileReference; lastKnownFileType = sourcecode.swift; path = 094_Binary_Tree_Inorder_Traversal.swift; sourceTree = "<group>"; };
		931B1AB524C87F1A00E79991 /* 114_Flatten_Binary_Tree_to_Linked_List.swift */ = {isa = PBXFileReference; lastKnownFileType = sourcecode.swift; path = 114_Flatten_Binary_Tree_to_Linked_List.swift; sourceTree = "<group>"; };
		931B1AB724C8846500E79991 /* 098_Validate_Binary_Search_Tree.swift */ = {isa = PBXFileReference; lastKnownFileType = sourcecode.swift; path = 098_Validate_Binary_Search_Tree.swift; sourceTree = "<group>"; };
		931B1AB924C924C700E79991 /* 116_Populating_Next_Right_Pointers_in_Each_Node.swift */ = {isa = PBXFileReference; lastKnownFileType = sourcecode.swift; path = 116_Populating_Next_Right_Pointers_in_Each_Node.swift; sourceTree = "<group>"; };
		931B1ABB24C92AA500E79991 /* 117_Populating_Next_Right_Pointers_in_Each_Node_2.swift */ = {isa = PBXFileReference; lastKnownFileType = sourcecode.swift; path = 117_Populating_Next_Right_Pointers_in_Each_Node_2.swift; sourceTree = "<group>"; };
		931B1ABF24C975FA00E79991 /* 109_Convert_Sorted_List_to_Binary_Search_Tree.swift */ = {isa = PBXFileReference; lastKnownFileType = sourcecode.swift; path = 109_Convert_Sorted_List_to_Binary_Search_Tree.swift; sourceTree = "<group>"; };
		931B1AC124C97BEE00E79991 /* 108_Convert_Sorted_Array_to_Binary_Search_Tree.swift */ = {isa = PBXFileReference; lastKnownFileType = sourcecode.swift; path = 108_Convert_Sorted_Array_to_Binary_Search_Tree.swift; sourceTree = "<group>"; };
		931B1AC324C97EC300E79991 /* 099_Recover_Binary_Search_Tree.swift */ = {isa = PBXFileReference; lastKnownFileType = sourcecode.swift; path = 099_Recover_Binary_Search_Tree.swift; sourceTree = "<group>"; };
		931B1AC524C99C4C00E79991 /* 257_Binary_Tree_Paths.swift */ = {isa = PBXFileReference; lastKnownFileType = sourcecode.swift; path = 257_Binary_Tree_Paths.swift; sourceTree = "<group>"; };
		931B1AC724C99F3800E79991 /* 129_Sum_Root_to_Leaf_Numbers.swift */ = {isa = PBXFileReference; lastKnownFileType = sourcecode.swift; path = 129_Sum_Root_to_Leaf_Numbers.swift; sourceTree = "<group>"; };
		931B1AC924C9B01C00E79991 /* 077_Combinations.swift */ = {isa = PBXFileReference; lastKnownFileType = sourcecode.swift; path = 077_Combinations.swift; sourceTree = "<group>"; };
		931B1ACB24C9BDF900E79991 /* 039_Combination_Sum.swift */ = {isa = PBXFileReference; lastKnownFileType = sourcecode.swift; path = 039_Combination_Sum.swift; sourceTree = "<group>"; };
		931B1ACD24C9C11500E79991 /* 040_Combination_Sum_2.swift */ = {isa = PBXFileReference; lastKnownFileType = sourcecode.swift; path = 040_Combination_Sum_2.swift; sourceTree = "<group>"; };
		931B1ACF24C9C45000E79991 /* 017_Letter_Combinations_of_a_Phone_Number.swift */ = {isa = PBXFileReference; lastKnownFileType = sourcecode.swift; path = 017_Letter_Combinations_of_a_Phone_Number.swift; sourceTree = "<group>"; };
		931B1AD124C9D06100E79991 /* 078_Subsets.swift */ = {isa = PBXFileReference; lastKnownFileType = sourcecode.swift; path = 078_Subsets.swift; sourceTree = "<group>"; };
		931B1AD324C9D57000E79991 /* 090_Subsets_2.swift */ = {isa = PBXFileReference; lastKnownFileType = sourcecode.swift; path = 090_Subsets_2.swift; sourceTree = "<group>"; };
		931B1AD524C9D7D200E79991 /* 046_Permutations.swift */ = {isa = PBXFileReference; lastKnownFileType = sourcecode.swift; path = 046_Permutations.swift; sourceTree = "<group>"; };
		931B1AD724C9D7E300E79991 /* 047_Permutations_2.swift */ = {isa = PBXFileReference; lastKnownFileType = sourcecode.swift; path = 047_Permutations_2.swift; sourceTree = "<group>"; };
		931B1AD924CA7C2900E79991 /* 121_Best_Time_to_Buy_and_Sell_Stock.swift */ = {isa = PBXFileReference; lastKnownFileType = sourcecode.swift; path = 121_Best_Time_to_Buy_and_Sell_Stock.swift; sourceTree = "<group>"; };
		931B1ADB24CA813E00E79991 /* 122_Best_Time_to_Buy_and_Sell_Stock_2.swift */ = {isa = PBXFileReference; lastKnownFileType = sourcecode.swift; path = 122_Best_Time_to_Buy_and_Sell_Stock_2.swift; sourceTree = "<group>"; };
		931B1ADD24CA869100E79991 /* 123_Best_Time_to_Buy_and_Sell_Stock_3.swift */ = {isa = PBXFileReference; lastKnownFileType = sourcecode.swift; path = 123_Best_Time_to_Buy_and_Sell_Stock_3.swift; sourceTree = "<group>"; };
		931B1ADF24CAD5A500E79991 /* 188_Best_Time_to_Buy_and_Sell_Stock.swift */ = {isa = PBXFileReference; lastKnownFileType = sourcecode.swift; path = 188_Best_Time_to_Buy_and_Sell_Stock.swift; sourceTree = "<group>"; };
		931B1AE124CADE6100E79991 /* 062_Unique_Paths.swift */ = {isa = PBXFileReference; lastKnownFileType = sourcecode.swift; path = 062_Unique_Paths.swift; sourceTree = "<group>"; };
		931B1AE324CAFA6A00E79991 /* 063_Unique_Paths_2.swift */ = {isa = PBXFileReference; lastKnownFileType = sourcecode.swift; path = 063_Unique_Paths_2.swift; sourceTree = "<group>"; };
		931B1AE724CB00D500E79991 /* 064_Minimum_Path_Sum.swift */ = {isa = PBXFileReference; lastKnownFileType = sourcecode.swift; path = 064_Minimum_Path_Sum.swift; sourceTree = "<group>"; };
		931B1AE924CB01E900E79991 /* 053_Maximum_Subarray.swift */ = {isa = PBXFileReference; lastKnownFileType = sourcecode.swift; path = 053_Maximum_Subarray.swift; sourceTree = "<group>"; };
		931B1AEB24CB0BA600E79991 /* 152_Maximum_Product_Subarray.swift */ = {isa = PBXFileReference; lastKnownFileType = sourcecode.swift; path = 152_Maximum_Product_Subarray.swift; sourceTree = "<group>"; };
		931B1AED24CB0E7200E79991 /* 070_Climbing_Stairs.swift */ = {isa = PBXFileReference; lastKnownFileType = sourcecode.swift; path = 070_Climbing_Stairs.swift; sourceTree = "<group>"; };
		931B1AEF24CB126700E79991 /* 120_Triangle.swift */ = {isa = PBXFileReference; lastKnownFileType = sourcecode.swift; path = 120_Triangle.swift; sourceTree = "<group>"; };
		931B1AF124CB1CD400E79991 /* 096_Unique_Binary_Search_Trees.swift */ = {isa = PBXFileReference; lastKnownFileType = sourcecode.swift; path = 096_Unique_Binary_Search_Trees.swift; sourceTree = "<group>"; };
		931B1AF324CB1E4800E79991 /* 095_Unique_Binary_Search_Trees_2.swift */ = {isa = PBXFileReference; lastKnownFileType = sourcecode.swift; path = 095_Unique_Binary_Search_Trees_2.swift; sourceTree = "<group>"; };
		931B1AF524CB2ADB00E79991 /* 279_Perfect_Squares.swift */ = {isa = PBXFileReference; lastKnownFileType = sourcecode.swift; path = 279_Perfect_Squares.swift; sourceTree = "<group>"; };
		931B1AF724CC109500E79991 /* 065_Jump_Game.swift */ = {isa = PBXFileReference; lastKnownFileType = sourcecode.swift; path = 065_Jump_Game.swift; sourceTree = "<group>"; };
		931B1AF924CC17BC00E79991 /* 045_Jump_Game_2.swift */ = {isa = PBXFileReference; lastKnownFileType = sourcecode.swift; path = 045_Jump_Game_2.swift; sourceTree = "<group>"; };
		9347D29C22684C43002C8D7C /* 012_Integer_to_Roman.swift */ = {isa = PBXFileReference; lastKnownFileType = sourcecode.swift; path = 012_Integer_to_Roman.swift; sourceTree = "<group>"; };
		9347D2AD22688B0D002C8D7C /* 013_Roman_to_Integer.swift */ = {isa = PBXFileReference; lastKnownFileType = sourcecode.swift; path = 013_Roman_to_Integer.swift; sourceTree = "<group>"; };
		9347D2AF22688E43002C8D7C /* 014_Longest_Common_Prefix.swift */ = {isa = PBXFileReference; lastKnownFileType = sourcecode.swift; path = 014_Longest_Common_Prefix.swift; sourceTree = "<group>"; };
		93A96DFD24EBB3540007DC48 /* 912_Sort_an_Array.swift */ = {isa = PBXFileReference; lastKnownFileType = sourcecode.swift; path = 912_Sort_an_Array.swift; sourceTree = "<group>"; };
		93CD422C24CC2807008C72B5 /* 134_Gas_Station.swift */ = {isa = PBXFileReference; lastKnownFileType = sourcecode.swift; path = 134_Gas_Station.swift; sourceTree = "<group>"; };
		93CD422E24CC2DB2008C72B5 /* 135_Candy.swift */ = {isa = PBXFileReference; lastKnownFileType = sourcecode.swift; path = 135_Candy.swift; sourceTree = "<group>"; };
		93CD423024CC3464008C72B5 /* 139_Word_Break.swift */ = {isa = PBXFileReference; lastKnownFileType = sourcecode.swift; path = 139_Word_Break.swift; sourceTree = "<group>"; };
		93CD423224CC3485008C72B5 /* 140_Word_Break_2.swift */ = {isa = PBXFileReference; lastKnownFileType = sourcecode.swift; path = 140_Word_Break_2.swift; sourceTree = "<group>"; };
		93CD423424CC6363008C72B5 /* 067_Add_Binary.swift */ = {isa = PBXFileReference; lastKnownFileType = sourcecode.swift; path = 067_Add_Binary.swift; sourceTree = "<group>"; };
		93CD423624CC6D59008C72B5 /* 227_Basic_Calculation_2.swift */ = {isa = PBXFileReference; lastKnownFileType = sourcecode.swift; path = 227_Basic_Calculation_2.swift; sourceTree = "<group>"; };
		93CD423824CD78B5008C72B5 /* 141_Link_List_Cycle.swift */ = {isa = PBXFileReference; lastKnownFileType = sourcecode.swift; path = 141_Link_List_Cycle.swift; sourceTree = "<group>"; };
		93CD423A24CD8297008C72B5 /* 142_Link_List_Cycle_2.swift */ = {isa = PBXFileReference; lastKnownFileType = sourcecode.swift; path = 142_Link_List_Cycle_2.swift; sourceTree = "<group>"; };
		93CD423C24CD85D7008C72B5 /* 160_Intersection_of_Two_Linked_Lists.swift */ = {isa = PBXFileReference; lastKnownFileType = sourcecode.swift; path = 160_Intersection_of_Two_Linked_Lists.swift; sourceTree = "<group>"; };
		93CD424024CD918E008C72B5 /* 083_Remove_Duplicates_from_Sorted_List.swift */ = {isa = PBXFileReference; lastKnownFileType = sourcecode.swift; path = 083_Remove_Duplicates_from_Sorted_List.swift; sourceTree = "<group>"; };
		93CD424224CD9363008C72B5 /* 082_Remove_Duplicates_from_Sorted_List_2.swift */ = {isa = PBXFileReference; lastKnownFileType = sourcecode.swift; path = 082_Remove_Duplicates_from_Sorted_List_2.swift; sourceTree = "<group>"; };
		93CD424424CD96AE008C72B5 /* 021_Merge_Two_Sorted_Lists.swift */ = {isa = PBXFileReference; lastKnownFileType = sourcecode.swift; path = 021_Merge_Two_Sorted_Lists.swift; sourceTree = "<group>"; };
		93CD424624CDA2DD008C72B5 /* 023_Merge_k_Sorted_Lists.swift */ = {isa = PBXFileReference; lastKnownFileType = sourcecode.swift; path = 023_Merge_k_Sorted_Lists.swift; sourceTree = "<group>"; };
		93CD424824CE783E008C72B5 /* 283_Move_Zeroes.swift */ = {isa = PBXFileReference; lastKnownFileType = sourcecode.swift; path = 283_Move_Zeroes.swift; sourceTree = "<group>"; };
		93CD424A24CE8AC1008C72B5 /* 589_N_ary_Tree_Preorder_Traversal.swift */ = {isa = PBXFileReference; lastKnownFileType = sourcecode.swift; path = 589_N_ary_Tree_Preorder_Traversal.swift; sourceTree = "<group>"; };
		93CD424C24CE8D1C008C72B5 /* 590_N_ary_Tree_Postorder_Traversal.swift */ = {isa = PBXFileReference; lastKnownFileType = sourcecode.swift; path = 590_N_ary_Tree_Postorder_Traversal.swift; sourceTree = "<group>"; };
		93CD424E24CEB0B5008C72B5 /* 022_Generate_Parentheses.swift */ = {isa = PBXFileReference; lastKnownFileType = sourcecode.swift; path = 022_Generate_Parentheses.swift; sourceTree = "<group>"; };
		93CD425024CEC0E5008C72B5 /* 092_Reverse_Linked_List.swift */ = {isa = PBXFileReference; lastKnownFileType = sourcecode.swift; path = 092_Reverse_Linked_List.swift; sourceTree = "<group>"; };
		93CD425224CECD9D008C72B5 /* 025_Reverse_Nodes_in_k_Group.swift */ = {isa = PBXFileReference; lastKnownFileType = sourcecode.swift; path = 025_Reverse_Nodes_in_k_Group.swift; sourceTree = "<group>"; };
		93CD425424CED7F0008C72B5 /* 024_Swap_Nodes_in_Pairs.swift */ = {isa = PBXFileReference; lastKnownFileType = sourcecode.swift; path = 024_Swap_Nodes_in_Pairs.swift; sourceTree = "<group>"; };
		93CD425624CED8EE008C72B5 /* 148_Sort_List.swift */ = {isa = PBXFileReference; lastKnownFileType = sourcecode.swift; path = 148_Sort_List.swift; sourceTree = "<group>"; };
		93CD425824CEEC36008C72B5 /* 147_Insertion_Sort_List.swift */ = {isa = PBXFileReference; lastKnownFileType = sourcecode.swift; path = 147_Insertion_Sort_List.swift; sourceTree = "<group>"; };
		93CD425A24CEF948008C72B5 /* 061_Rotate_List.swift */ = {isa = PBXFileReference; lastKnownFileType = sourcecode.swift; path = 061_Rotate_List.swift; sourceTree = "<group>"; };
		93CD425C24CF00BA008C72B5 /* 143_Reorder_List.swift */ = {isa = PBXFileReference; lastKnownFileType = sourcecode.swift; path = 143_Reorder_List.swift; sourceTree = "<group>"; };
		93CD425E24CF0799008C72B5 /* 086_Partition_List.swift */ = {isa = PBXFileReference; lastKnownFileType = sourcecode.swift; path = 086_Partition_List.swift; sourceTree = "<group>"; };
		93CD426024CF0DCD008C72B5 /* 138_Copy_List_with_Random_Pointer.swift */ = {isa = PBXFileReference; lastKnownFileType = sourcecode.swift; path = 138_Copy_List_with_Random_Pointer.swift; sourceTree = "<group>"; };
		93CD426224D156B8008C72B5 /* 048_Rotate_Image.swift */ = {isa = PBXFileReference; lastKnownFileType = sourcecode.swift; path = 048_Rotate_Image.swift; sourceTree = "<group>"; };
		93CD426424D161F0008C72B5 /* 136_Single_Number.swift */ = {isa = PBXFileReference; lastKnownFileType = sourcecode.swift; path = 136_Single_Number.swift; sourceTree = "<group>"; };
		93CD426624D16390008C72B5 /* 137_Single_Number_2.swift */ = {isa = PBXFileReference; lastKnownFileType = sourcecode.swift; path = 137_Single_Number_2.swift; sourceTree = "<group>"; };
		93CD426824D17B76008C72B5 /* 164_Maximum_Gap.swift */ = {isa = PBXFileReference; lastKnownFileType = sourcecode.swift; path = 164_Maximum_Gap.swift; sourceTree = "<group>"; };
		93CD426A24D26426008C72B5 /* 206_Reverse_Linked_List.swift */ = {isa = PBXFileReference; lastKnownFileType = sourcecode.swift; path = 206_Reverse_Linked_List.swift; sourceTree = "<group>"; };
		93EE2C29226734CA00244540 /* 009_Palindrome_Number.swift */ = {isa = PBXFileReference; lastKnownFileType = sourcecode.swift; path = 009_Palindrome_Number.swift; sourceTree = "<group>"; };
		93EE2C2B22673AC300244540 /* 010_Regular_Expression_Matching.swift */ = {isa = PBXFileReference; lastKnownFileType = sourcecode.swift; path = 010_Regular_Expression_Matching.swift; sourceTree = "<group>"; };
		93EE2C2D2268290C00244540 /* 011_Container_With_Most_Water.swift */ = {isa = PBXFileReference; lastKnownFileType = sourcecode.swift; path = 011_Container_With_Most_Water.swift; sourceTree = "<group>"; };
/* End PBXFileReference section */

/* Begin PBXFrameworksBuildPhase section */
		93122F4F224A391100051AC5 /* Frameworks */ = {
			isa = PBXFrameworksBuildPhase;
			buildActionMask = 2147483647;
			files = (
				93122F60224A3CCD00051AC5 /* Foundation.framework in Frameworks */,
			);
			runOnlyForDeploymentPostprocessing = 0;
		};
/* End PBXFrameworksBuildPhase section */

/* Begin PBXGroup section */
		93122F49224A391100051AC5 = {
			isa = PBXGroup;
			children = (
				93122F54224A391100051AC5 /* Swift-LeetCode */,
				93122F53224A391100051AC5 /* Products */,
				93122F5E224A3CCD00051AC5 /* Frameworks */,
			);
			sourceTree = "<group>";
		};
		93122F53224A391100051AC5 /* Products */ = {
			isa = PBXGroup;
			children = (
				93122F52224A391100051AC5 /* Swift-LeetCode */,
			);
			name = Products;
			sourceTree = "<group>";
		};
		93122F54224A391100051AC5 /* Swift-LeetCode */ = {
			isa = PBXGroup;
			children = (
				93122F55224A391100051AC5 /* main.swift */,
				931B1A9524C825BB00E79991 /* TreeHelper.swift */,
				93122F5C224A394400051AC5 /* 001_two_sum.swift */,
				93122F61224A5FDD00051AC5 /* 002_add_two_number.swift */,
				93122F63224A72BA00051AC5 /* 003_longest_substring_without_repeat_char.swift */,
				93122F65224B239D00051AC5 /* 004_median_of_two_sorrted_arrays.swift */,
				93122F67224B3BA600051AC5 /* 005_Longest_Palindromic_Substring.swift */,
				93122F81224BD06600051AC5 /* 006_ZigZag_Conversion.swift */,
				93122F83224BD53200051AC5 /* 007_Revease_Integer.swift */,
				93122F85224BD75D00051AC5 /* 008_String_to_Interger.swift */,
				93EE2C29226734CA00244540 /* 009_Palindrome_Number.swift */,
				93EE2C2B22673AC300244540 /* 010_Regular_Expression_Matching.swift */,
				93EE2C2D2268290C00244540 /* 011_Container_With_Most_Water.swift */,
				9347D29C22684C43002C8D7C /* 012_Integer_to_Roman.swift */,
				9347D2AD22688B0D002C8D7C /* 013_Roman_to_Integer.swift */,
				9347D2AF22688E43002C8D7C /* 014_Longest_Common_Prefix.swift */,
				931B1A7724C6ADD400E79991 /* 015_3Sum.swift */,
				931B1A7924C6C51C00E79991 /* 016_3Num_closest.swift */,
				931B1ACF24C9C45000E79991 /* 017_Letter_Combinations_of_a_Phone_Number.swift */,
				931B1A7B24C6CC6800E79991 /* 018_4Sum.swift */,
				93CD424424CD96AE008C72B5 /* 021_Merge_Two_Sorted_Lists.swift */,
				93CD424E24CEB0B5008C72B5 /* 022_Generate_Parentheses.swift */,
				93CD424624CDA2DD008C72B5 /* 023_Merge_k_Sorted_Lists.swift */,
				93CD425424CED7F0008C72B5 /* 024_Swap_Nodes_in_Pairs.swift */,
				93CD425224CECD9D008C72B5 /* 025_Reverse_Nodes_in_k_Group.swift */,
				931B1A6B24C570D700E79991 /* 026_Remove_Duplicates_from_Sorted_Array.swift */,
				931B1A6924C56D2D00E79991 /* 027_Remove_Element.swift */,
				9312FB8224D418B400F6515A /* 033_Search_in_Rotated_Sorted_Array.swift */,
				931B1A8724C743E900E79991 /* 034_Find_First_and_Last_Position_of_Element_in_Sorted_Array.swift */,
				931B1A8924C74AB600E79991 /* 035_Search_Insert_Position.swift */,
				931B1ACB24C9BDF900E79991 /* 039_Combination_Sum.swift */,
				931B1ACD24C9C11500E79991 /* 040_Combination_Sum_2.swift */,
				931B1AF924CC17BC00E79991 /* 045_Jump_Game_2.swift */,
				931B1AD524C9D7D200E79991 /* 046_Permutations.swift */,
				931B1AD724C9D7E300E79991 /* 047_Permutations_2.swift */,
				93CD426224D156B8008C72B5 /* 048_Rotate_Image.swift */,
				931B1AE924CB01E900E79991 /* 053_Maximum_Subarray.swift */,
				93CD425A24CEF948008C72B5 /* 061_Rotate_List.swift */,
				931B1AE124CADE6100E79991 /* 062_Unique_Paths.swift */,
				931B1AE324CAFA6A00E79991 /* 063_Unique_Paths_2.swift */,
				931B1AE724CB00D500E79991 /* 064_Minimum_Path_Sum.swift */,
				931B1AF724CC109500E79991 /* 065_Jump_Game.swift */,
				931B1A6F24C694C100E79991 /* 066_Plus_One.swift */,
				93CD423424CC6363008C72B5 /* 067_Add_Binary.swift */,
				931B1AED24CB0E7200E79991 /* 070_Climbing_Stairs.swift */,
				931B1A8524C7404B00E79991 /* 074_Search_a_2D_Matrix.swift */,
				931B1AC924C9B01C00E79991 /* 077_Combinations.swift */,
				931B1AD124C9D06100E79991 /* 078_Subsets.swift */,
				931B1A6D24C57F0100E79991 /* 080_Remove_Duplicates_from_Sorted_Array_2.swift */,
				93CD424224CD9363008C72B5 /* 082_Remove_Duplicates_from_Sorted_List_2.swift */,
				93CD424024CD918E008C72B5 /* 083_Remove_Duplicates_from_Sorted_List.swift */,
				931B1A8124C716F400E79991 /* 084_Largest_Rectangle_in_Histogram.swift */,
				931B1A8324C72AD000E79991 /* 085_Maximal_Rectangle.swift */,
				93CD425E24CF0799008C72B5 /* 086_Partition_List.swift */,
				931B1A7524C6A9F900E79991 /* 088_Merge_Sorted_Array.swift */,
				931B1AD324C9D57000E79991 /* 090_Subsets_2.swift */,
				93CD425024CEC0E5008C72B5 /* 092_Reverse_Linked_List.swift */,
				931B1AB324C87B7000E79991 /* 094_Binary_Tree_Inorder_Traversal.swift */,
				931B1AF324CB1E4800E79991 /* 095_Unique_Binary_Search_Trees_2.swift */,
				931B1AF124CB1CD400E79991 /* 096_Unique_Binary_Search_Trees.swift */,
				931B1AB724C8846500E79991 /* 098_Validate_Binary_Search_Tree.swift */,
				931B1AC324C97EC300E79991 /* 099_Recover_Binary_Search_Tree.swift */,
				931B1AA724C85CCE00E79991 /* 100_Same_Tree.swift */,
				931B1AA524C858A900E79991 /* 101_Symmetric_Tree.swift */,
				931B1A9F24C84CCF00E79991 /* 102_Binary_Tree_Level_Order_Traversal.swift */,
				931B1AA324C855F200E79991 /* 103_Binary_Tree_Zigzag_Level_Order_Traversal.swift */,
				931B1A9324C7E3C700E79991 /* 104_Maximum_Depth_of_Binary_Tree.swift */,
				931B1A9B24C838B300E79991 /* 105_Construct_Binary_Tree_from_Preorder_and_Inorder_Traversal.swift */,
				931B1A9924C82B1A00E79991 /* 106_Construct_Binary_Tree_from_Inorder_and_Postorder_Traversal.swift */,
				931B1AA124C8524900E79991 /* 107_Binary_Tree_Level_Order_Traversal_2.swift */,
				931B1AC124C97BEE00E79991 /* 108_Convert_Sorted_Array_to_Binary_Search_Tree.swift */,
				931B1ABF24C975FA00E79991 /* 109_Convert_Sorted_List_to_Binary_Search_Tree.swift */,
				931B1AA924C85E9800E79991 /* 110_Balanced_Binary_Tree.swift */,
				931B1A9724C828A100E79991 /* 111_Minimum_Depth_of_Binary_Tree.swift */,
				931B1AAB24C85EB200E79991 /* 112_Path_Sum.swift */,
				931B1AAD24C8761A00E79991 /* 113_Path_sum_2.swift */,
				931B1AB524C87F1A00E79991 /* 114_Flatten_Binary_Tree_to_Linked_List.swift */,
				931B1AB924C924C700E79991 /* 116_Populating_Next_Right_Pointers_in_Each_Node.swift */,
				931B1ABB24C92AA500E79991 /* 117_Populating_Next_Right_Pointers_in_Each_Node_2.swift */,
				931B1A7124C69B9600E79991 /* 118_Pascals_Triangle.swift */,
				931B1A7324C69E8400E79991 /* 119_Pascals_Triangle_2.swift */,
				931B1AEF24CB126700E79991 /* 120_Triangle.swift */,
				931B1AD924CA7C2900E79991 /* 121_Best_Time_to_Buy_and_Sell_Stock.swift */,
				931B1ADB24CA813E00E79991 /* 122_Best_Time_to_Buy_and_Sell_Stock_2.swift */,
				931B1ADD24CA869100E79991 /* 123_Best_Time_to_Buy_and_Sell_Stock_3.swift */,
				931B1AC724C99F3800E79991 /* 129_Sum_Root_to_Leaf_Numbers.swift */,
				93CD422C24CC2807008C72B5 /* 134_Gas_Station.swift */,
				93CD422E24CC2DB2008C72B5 /* 135_Candy.swift */,
				93CD426424D161F0008C72B5 /* 136_Single_Number.swift */,
				93CD426624D16390008C72B5 /* 137_Single_Number_2.swift */,
				93CD426024CF0DCD008C72B5 /* 138_Copy_List_with_Random_Pointer.swift */,
				93CD423024CC3464008C72B5 /* 139_Word_Break.swift */,
				93CD423224CC3485008C72B5 /* 140_Word_Break_2.swift */,
				93CD423824CD78B5008C72B5 /* 141_Link_List_Cycle.swift */,
				93CD423A24CD8297008C72B5 /* 142_Link_List_Cycle_2.swift */,
				93CD425C24CF00BA008C72B5 /* 143_Reorder_List.swift */,
				931B1AAF24C87B0C00E79991 /* 144_Binary_Tree_Preorder_Traversal.swift */,
				931B1AB124C87B4200E79991 /* 145_Binary_Tree_Inorder_Traversal.swift */,
				9312FB7224D2C08200F6515A /* 146_LRU_Cache.swift */,
				93CD425824CEEC36008C72B5 /* 147_Insertion_Sort_List.swift */,
				93CD425624CED8EE008C72B5 /* 148_Sort_List.swift */,
				9312FB8424D43DC900F6515A /* 151_Reverse_Words_in_a_String.swift */,
				931B1AEB24CB0BA600E79991 /* 152_Maximum_Product_Subarray.swift */,
				931B1A7D24C6EFB400E79991 /* 153_Find_Minimum_in_Rotated_Sorted_Array.swift */,
				931B1A7F24C6EFD400E79991 /* 154_Find_Minimum_in_Rotated_Sorted_Array_2.swift */,
				93CD423C24CD85D7008C72B5 /* 160_Intersection_of_Two_Linked_Lists.swift */,
				931B1A8B24C74C7300E79991 /* 162_Find_Peak_Element.swift */,
				93CD426824D17B76008C72B5 /* 164_Maximum_Gap.swift */,
				931B1ADF24CAD5A500E79991 /* 188_Best_Time_to_Buy_and_Sell_Stock.swift */,
				9312FB8024D4103F00F6515A /* 190_Reverse_Bits.swift */,
				931B1A9124C7E0C000E79991 /* 191_Number_of_1_Bits.swift */,
				9312FB7E24D4087900F6515A /* 199_Binary_Tree_Right_Side_View.swift */,
				93CD426A24D26426008C72B5 /* 206_Reverse_Linked_List.swift */,
				9312FB6E24D27BB500F6515A /* 215_Kth_Largest_Element_in_an_Array.swift */,
				9312FB7A24D3EEA200F6515A /* 226_Invert_Binary_Tree.swift */,
				93CD423624CC6D59008C72B5 /* 227_Basic_Calculation_2.swift */,
				931B1A8F24C7DC4600E79991 /* 231_Power_of_Two.swift */,
				9312FB7024D2B57700F6515A /* 236_Lowest_Common_Ancestor_of_a_Binary_Tree.swift */,
				931B1AC524C99C4C00E79991 /* 257_Binary_Tree_Paths.swift */,
				931B1A8D24C7D61000E79991 /* 268_Missing_Number.swift */,
				931B1AF524CB2ADB00E79991 /* 279_Perfect_Squares.swift */,
				93CD424824CE783E008C72B5 /* 283_Move_Zeroes.swift */,
				9312FB7C24D3F36500F6515A /* 300_Longest_Increasing_Subsequence.swift */,
				9312FB8824D447F100F6515A /* 344_Reverse_String.swift */,
				9312FB7624D3BE3600F6515A /* 394_Decode_String.swift */,
				9312FB7424D2D18600F6515A /* 543_Diameter_of_Binary_Tree.swift */,
				93CD424A24CE8AC1008C72B5 /* 589_N_ary_Tree_Preorder_Traversal.swift */,
				93CD424C24CE8D1C008C72B5 /* 590_N_ary_Tree_Postorder_Traversal.swift */,
				93A96DFD24EBB3540007DC48 /* 912_Sort_an_Array.swift */,
				9312FB8624D4429F00F6515A /* 958_Check_Completeness_of_a_Binary_Tree.swift */,
				9312FB7824D3E2A100F6515A /* JianZhiOffer_09_Two_Stack_For_Queue.swift */,
			);
			path = "Swift-LeetCode";
			sourceTree = "<group>";
		};
		93122F5E224A3CCD00051AC5 /* Frameworks */ = {
			isa = PBXGroup;
			children = (
				93122F5F224A3CCD00051AC5 /* Foundation.framework */,
			);
			name = Frameworks;
			sourceTree = "<group>";
		};
/* End PBXGroup section */

/* Begin PBXNativeTarget section */
		93122F51224A391100051AC5 /* Swift-LeetCode */ = {
			isa = PBXNativeTarget;
			buildConfigurationList = 93122F59224A391100051AC5 /* Build configuration list for PBXNativeTarget "Swift-LeetCode" */;
			buildPhases = (
				93122F4E224A391100051AC5 /* Sources */,
				93122F4F224A391100051AC5 /* Frameworks */,
				93122F50224A391100051AC5 /* CopyFiles */,
			);
			buildRules = (
			);
			dependencies = (
			);
			name = "Swift-LeetCode";
			productName = "Swift-LeetCode";
			productReference = 93122F52224A391100051AC5 /* Swift-LeetCode */;
			productType = "com.apple.product-type.tool";
		};
/* End PBXNativeTarget section */

/* Begin PBXProject section */
		93122F4A224A391100051AC5 /* Project object */ = {
			isa = PBXProject;
			attributes = {
				LastSwiftUpdateCheck = 1020;
				LastUpgradeCheck = 1020;
				ORGANIZATIONNAME = wyanassert;
				TargetAttributes = {
					93122F51224A391100051AC5 = {
						CreatedOnToolsVersion = 10.2;
					};
				};
			};
			buildConfigurationList = 93122F4D224A391100051AC5 /* Build configuration list for PBXProject "Swift-LeetCode" */;
			compatibilityVersion = "Xcode 9.3";
			developmentRegion = en;
			hasScannedForEncodings = 0;
			knownRegions = (
				en,
			);
			mainGroup = 93122F49224A391100051AC5;
			productRefGroup = 93122F53224A391100051AC5 /* Products */;
			projectDirPath = "";
			projectRoot = "";
			targets = (
				93122F51224A391100051AC5 /* Swift-LeetCode */,
			);
		};
/* End PBXProject section */

/* Begin PBXSourcesBuildPhase section */
		93122F4E224A391100051AC5 /* Sources */ = {
			isa = PBXSourcesBuildPhase;
			buildActionMask = 2147483647;
			files = (
				93CD424B24CE8AC1008C72B5 /* 589_N_ary_Tree_Preorder_Traversal.swift in Sources */,
				9312FB7124D2B57700F6515A /* 236_Lowest_Common_Ancestor_of_a_Binary_Tree.swift in Sources */,
				931B1AC224C97BEE00E79991 /* 108_Convert_Sorted_Array_to_Binary_Search_Tree.swift in Sources */,
				931B1ACE24C9C11500E79991 /* 040_Combination_Sum_2.swift in Sources */,
				931B1A8A24C74AB600E79991 /* 035_Search_Insert_Position.swift in Sources */,
				931B1A7824C6ADD400E79991 /* 015_3Sum.swift in Sources */,
				931B1AA624C858A900E79991 /* 101_Symmetric_Tree.swift in Sources */,
				931B1A6E24C57F0100E79991 /* 080_Remove_Duplicates_from_Sorted_Array_2.swift in Sources */,
				93122F86224BD75D00051AC5 /* 008_String_to_Interger.swift in Sources */,
				93122F64224A72BA00051AC5 /* 003_longest_substring_without_repeat_char.swift in Sources */,
				931B1A7C24C6CC6800E79991 /* 018_4Sum.swift in Sources */,
				931B1A6A24C56D2D00E79991 /* 027_Remove_Element.swift in Sources */,
				93122F68224B3BA600051AC5 /* 005_Longest_Palindromic_Substring.swift in Sources */,
				931B1AEA24CB01E900E79991 /* 053_Maximum_Subarray.swift in Sources */,
				93CD424324CD9363008C72B5 /* 082_Remove_Duplicates_from_Sorted_List_2.swift in Sources */,
				93CD423324CC3485008C72B5 /* 140_Word_Break_2.swift in Sources */,
				931B1A9A24C82B1A00E79991 /* 106_Construct_Binary_Tree_from_Inorder_and_Postorder_Traversal.swift in Sources */,
				931B1AF224CB1CD400E79991 /* 096_Unique_Binary_Search_Trees.swift in Sources */,
				93A96DFE24EBB3540007DC48 /* 912_Sort_an_Array.swift in Sources */,
				93CD423D24CD85D7008C72B5 /* 160_Intersection_of_Two_Linked_Lists.swift in Sources */,
				93EE2C2A226734CA00244540 /* 009_Palindrome_Number.swift in Sources */,
				931B1AC424C97EC300E79991 /* 099_Recover_Binary_Search_Tree.swift in Sources */,
				93CD425B24CEF948008C72B5 /* 061_Rotate_List.swift in Sources */,
				931B1AD024C9C45000E79991 /* 017_Letter_Combinations_of_a_Phone_Number.swift in Sources */,
				931B1AB424C87B7000E79991 /* 094_Binary_Tree_Inorder_Traversal.swift in Sources */,
				931B1A7624C6A9F900E79991 /* 088_Merge_Sorted_Array.swift in Sources */,
				931B1A8E24C7D61000E79991 /* 268_Missing_Number.swift in Sources */,
				931B1ABA24C924C700E79991 /* 116_Populating_Next_Right_Pointers_in_Each_Node.swift in Sources */,
				931B1AF824CC109500E79991 /* 065_Jump_Game.swift in Sources */,
				931B1AF624CB2ADB00E79991 /* 279_Perfect_Squares.swift in Sources */,
				931B1A6C24C570D700E79991 /* 026_Remove_Duplicates_from_Sorted_Array.swift in Sources */,
				93CD423924CD78B5008C72B5 /* 141_Link_List_Cycle.swift in Sources */,
				931B1AE224CADE6100E79991 /* 062_Unique_Paths.swift in Sources */,
				931B1ADA24CA7C2900E79991 /* 121_Best_Time_to_Buy_and_Sell_Stock.swift in Sources */,
				931B1A8624C7404B00E79991 /* 074_Search_a_2D_Matrix.swift in Sources */,
				9312FB8724D4429F00F6515A /* 958_Check_Completeness_of_a_Binary_Tree.swift in Sources */,
				931B1AD424C9D57000E79991 /* 090_Subsets_2.swift in Sources */,
				931B1AB624C87F1A00E79991 /* 114_Flatten_Binary_Tree_to_Linked_List.swift in Sources */,
				931B1A9024C7DC4600E79991 /* 231_Power_of_Two.swift in Sources */,
				9347D2B022688E43002C8D7C /* 014_Longest_Common_Prefix.swift in Sources */,
				93CD424524CD96AE008C72B5 /* 021_Merge_Two_Sorted_Lists.swift in Sources */,
				931B1AAC24C85EB200E79991 /* 112_Path_Sum.swift in Sources */,
				931B1A8C24C74C7300E79991 /* 162_Find_Peak_Element.swift in Sources */,
				9312FB7D24D3F36500F6515A /* 300_Longest_Increasing_Subsequence.swift in Sources */,
				931B1A7024C694C100E79991 /* 066_Plus_One.swift in Sources */,
				931B1AD824C9D7E300E79991 /* 047_Permutations_2.swift in Sources */,
				931B1AA824C85CCE00E79991 /* 100_Same_Tree.swift in Sources */,
				93CD426524D161F0008C72B5 /* 136_Single_Number.swift in Sources */,
				93CD424D24CE8D1C008C72B5 /* 590_N_ary_Tree_Postorder_Traversal.swift in Sources */,
				931B1AB224C87B4200E79991 /* 145_Binary_Tree_Inorder_Traversal.swift in Sources */,
				931B1AF424CB1E4800E79991 /* 095_Unique_Binary_Search_Trees_2.swift in Sources */,
				931B1AE424CAFA6A00E79991 /* 063_Unique_Paths_2.swift in Sources */,
				9312FB7F24D4087900F6515A /* 199_Binary_Tree_Right_Side_View.swift in Sources */,
				93CD422D24CC2807008C72B5 /* 134_Gas_Station.swift in Sources */,
				93122F84224BD53200051AC5 /* 007_Revease_Integer.swift in Sources */,
				931B1A7E24C6EFB400E79991 /* 153_Find_Minimum_in_Rotated_Sorted_Array.swift in Sources */,
				93CD424924CE783E008C72B5 /* 283_Move_Zeroes.swift in Sources */,
				931B1AF024CB126700E79991 /* 120_Triangle.swift in Sources */,
				931B1A7424C69E8400E79991 /* 119_Pascals_Triangle_2.swift in Sources */,
				93CD424124CD918E008C72B5 /* 083_Remove_Duplicates_from_Sorted_List.swift in Sources */,
				93EE2C2E2268290C00244540 /* 011_Container_With_Most_Water.swift in Sources */,
				931B1AAE24C8761A00E79991 /* 113_Path_sum_2.swift in Sources */,
				93CD425724CED8EE008C72B5 /* 148_Sort_List.swift in Sources */,
				931B1A7A24C6C51C00E79991 /* 016_3Num_closest.swift in Sources */,
				931B1AD224C9D06100E79991 /* 078_Subsets.swift in Sources */,
				931B1AD624C9D7D200E79991 /* 046_Permutations.swift in Sources */,
				931B1AC024C975FA00E79991 /* 109_Convert_Sorted_List_to_Binary_Search_Tree.swift in Sources */,
				93CD426324D156B8008C72B5 /* 048_Rotate_Image.swift in Sources */,
				931B1ABC24C92AA500E79991 /* 117_Populating_Next_Right_Pointers_in_Each_Node_2.swift in Sources */,
				931B1AAA24C85E9800E79991 /* 110_Balanced_Binary_Tree.swift in Sources */,
				93CD425F24CF0799008C72B5 /* 086_Partition_List.swift in Sources */,
				9312FB7524D2D18600F6515A /* 543_Diameter_of_Binary_Tree.swift in Sources */,
				931B1A9824C828A100E79991 /* 111_Minimum_Depth_of_Binary_Tree.swift in Sources */,
				9312FB7924D3E2A100F6515A /* JianZhiOffer_09_Two_Stack_For_Queue.swift in Sources */,
				93CD425924CEEC36008C72B5 /* 147_Insertion_Sort_List.swift in Sources */,
				931B1AE824CB00D500E79991 /* 064_Minimum_Path_Sum.swift in Sources */,
				9312FB7324D2C08200F6515A /* 146_LRU_Cache.swift in Sources */,
				93CD425324CECD9D008C72B5 /* 025_Reverse_Nodes_in_k_Group.swift in Sources */,
				931B1AA224C8524900E79991 /* 107_Binary_Tree_Level_Order_Traversal_2.swift in Sources */,
				93CD423724CC6D59008C72B5 /* 227_Basic_Calculation_2.swift in Sources */,
				93CD423524CC6363008C72B5 /* 067_Add_Binary.swift in Sources */,
				931B1A8424C72AD000E79991 /* 085_Maximal_Rectangle.swift in Sources */,
				9312FB7B24D3EEA200F6515A /* 226_Invert_Binary_Tree.swift in Sources */,
				931B1A8024C6EFD400E79991 /* 154_Find_Minimum_in_Rotated_Sorted_Array_2.swift in Sources */,
				93CD425524CED7F0008C72B5 /* 024_Swap_Nodes_in_Pairs.swift in Sources */,
				9347D2AE22688B0D002C8D7C /* 013_Roman_to_Integer.swift in Sources */,
				93CD426724D16390008C72B5 /* 137_Single_Number_2.swift in Sources */,
				931B1AA424C855F200E79991 /* 103_Binary_Tree_Zigzag_Level_Order_Traversal.swift in Sources */,
				931B1A9224C7E0C000E79991 /* 191_Number_of_1_Bits.swift in Sources */,
				931B1A9C24C838B300E79991 /* 105_Construct_Binary_Tree_from_Preorder_and_Inorder_Traversal.swift in Sources */,
				9312FB7724D3BE3600F6515A /* 394_Decode_String.swift in Sources */,
				931B1AB024C87B0C00E79991 /* 144_Binary_Tree_Preorder_Traversal.swift in Sources */,
				9312FB8524D43DC900F6515A /* 151_Reverse_Words_in_a_String.swift in Sources */,
				931B1AE024CAD5A500E79991 /* 188_Best_Time_to_Buy_and_Sell_Stock.swift in Sources */,
				93CD424724CDA2DD008C72B5 /* 023_Merge_k_Sorted_Lists.swift in Sources */,
				931B1ACC24C9BDF900E79991 /* 039_Combination_Sum.swift in Sources */,
				931B1A8224C716F400E79991 /* 084_Largest_Rectangle_in_Histogram.swift in Sources */,
				931B1A9624C825BB00E79991 /* TreeHelper.swift in Sources */,
				93CD425D24CF00BA008C72B5 /* 143_Reorder_List.swift in Sources */,
				931B1AC824C99F3800E79991 /* 129_Sum_Root_to_Leaf_Numbers.swift in Sources */,
				93122F82224BD06600051AC5 /* 006_ZigZag_Conversion.swift in Sources */,
				93CD426924D17B76008C72B5 /* 164_Maximum_Gap.swift in Sources */,
				93122F62224A5FDD00051AC5 /* 002_add_two_number.swift in Sources */,
				9312FB8324D418B400F6515A /* 033_Search_in_Rotated_Sorted_Array.swift in Sources */,
				93CD426B24D26426008C72B5 /* 206_Reverse_Linked_List.swift in Sources */,
				931B1ADC24CA813E00E79991 /* 122_Best_Time_to_Buy_and_Sell_Stock_2.swift in Sources */,
				931B1ACA24C9B01C00E79991 /* 077_Combinations.swift in Sources */,
				931B1A8824C743E900E79991 /* 034_Find_First_and_Last_Position_of_Element_in_Sorted_Array.swift in Sources */,
				931B1AEC24CB0BA600E79991 /* 152_Maximum_Product_Subarray.swift in Sources */,
				931B1AC624C99C4C00E79991 /* 257_Binary_Tree_Paths.swift in Sources */,
				931B1AEE24CB0E7200E79991 /* 070_Climbing_Stairs.swift in Sources */,
				931B1A7224C69B9600E79991 /* 118_Pascals_Triangle.swift in Sources */,
				93CD425124CEC0E5008C72B5 /* 092_Reverse_Linked_List.swift in Sources */,
				931B1AB824C8846500E79991 /* 098_Validate_Binary_Search_Tree.swift in Sources */,
				9312FB8924D447F100F6515A /* 344_Reverse_String.swift in Sources */,
				931B1A9424C7E3C700E79991 /* 104_Maximum_Depth_of_Binary_Tree.swift in Sources */,
				93CD426124CF0DCD008C72B5 /* 138_Copy_List_with_Random_Pointer.swift in Sources */,
				93122F5D224A394400051AC5 /* 001_two_sum.swift in Sources */,
				9312FB6F24D27BB500F6515A /* 215_Kth_Largest_Element_in_an_Array.swift in Sources */,
				93CD422F24CC2DB2008C72B5 /* 135_Candy.swift in Sources */,
				93122F66224B239E00051AC5 /* 004_median_of_two_sorrted_arrays.swift in Sources */,
				93122F56224A391100051AC5 /* main.swift in Sources */,
				9347D29D22684C43002C8D7C /* 012_Integer_to_Roman.swift in Sources */,
				93CD423124CC3464008C72B5 /* 139_Word_Break.swift in Sources */,
				93EE2C2C22673AC300244540 /* 010_Regular_Expression_Matching.swift in Sources */,
				931B1AFA24CC17BC00E79991 /* 045_Jump_Game_2.swift in Sources */,
				931B1ADE24CA869100E79991 /* 123_Best_Time_to_Buy_and_Sell_Stock_3.swift in Sources */,
				93CD423B24CD8297008C72B5 /* 142_Link_List_Cycle_2.swift in Sources */,
				93CD424F24CEB0B5008C72B5 /* 022_Generate_Parentheses.swift in Sources */,
				931B1AA024C84CCF00E79991 /* 102_Binary_Tree_Level_Order_Traversal.swift in Sources */,
				9312FB8124D4103F00F6515A /* 190_Reverse_Bits.swift in Sources */,
			);
			runOnlyForDeploymentPostprocessing = 0;
		};
/* End PBXSourcesBuildPhase section */

/* Begin XCBuildConfiguration section */
		93122F57224A391100051AC5 /* Debug */ = {
			isa = XCBuildConfiguration;
			buildSettings = {
				ALWAYS_SEARCH_USER_PATHS = NO;
				CLANG_ANALYZER_NONNULL = YES;
				CLANG_ANALYZER_NUMBER_OBJECT_CONVERSION = YES_AGGRESSIVE;
				CLANG_CXX_LANGUAGE_STANDARD = "gnu++14";
				CLANG_CXX_LIBRARY = "libc++";
				CLANG_ENABLE_MODULES = YES;
				CLANG_ENABLE_OBJC_ARC = YES;
				CLANG_ENABLE_OBJC_WEAK = YES;
				CLANG_WARN_BLOCK_CAPTURE_AUTORELEASING = YES;
				CLANG_WARN_BOOL_CONVERSION = YES;
				CLANG_WARN_COMMA = YES;
				CLANG_WARN_CONSTANT_CONVERSION = YES;
				CLANG_WARN_DEPRECATED_OBJC_IMPLEMENTATIONS = YES;
				CLANG_WARN_DIRECT_OBJC_ISA_USAGE = YES_ERROR;
				CLANG_WARN_DOCUMENTATION_COMMENTS = YES;
				CLANG_WARN_EMPTY_BODY = YES;
				CLANG_WARN_ENUM_CONVERSION = YES;
				CLANG_WARN_INFINITE_RECURSION = YES;
				CLANG_WARN_INT_CONVERSION = YES;
				CLANG_WARN_NON_LITERAL_NULL_CONVERSION = YES;
				CLANG_WARN_OBJC_IMPLICIT_RETAIN_SELF = YES;
				CLANG_WARN_OBJC_LITERAL_CONVERSION = YES;
				CLANG_WARN_OBJC_ROOT_CLASS = YES_ERROR;
				CLANG_WARN_RANGE_LOOP_ANALYSIS = YES;
				CLANG_WARN_STRICT_PROTOTYPES = YES;
				CLANG_WARN_SUSPICIOUS_MOVE = YES;
				CLANG_WARN_UNGUARDED_AVAILABILITY = YES_AGGRESSIVE;
				CLANG_WARN_UNREACHABLE_CODE = YES;
				CLANG_WARN__DUPLICATE_METHOD_MATCH = YES;
				CODE_SIGN_IDENTITY = "Mac Developer";
				COPY_PHASE_STRIP = NO;
				DEBUG_INFORMATION_FORMAT = dwarf;
				ENABLE_STRICT_OBJC_MSGSEND = YES;
				ENABLE_TESTABILITY = YES;
				GCC_C_LANGUAGE_STANDARD = gnu11;
				GCC_DYNAMIC_NO_PIC = NO;
				GCC_NO_COMMON_BLOCKS = YES;
				GCC_OPTIMIZATION_LEVEL = 0;
				GCC_PREPROCESSOR_DEFINITIONS = (
					"DEBUG=1",
					"$(inherited)",
				);
				GCC_WARN_64_TO_32_BIT_CONVERSION = YES;
				GCC_WARN_ABOUT_RETURN_TYPE = YES_ERROR;
				GCC_WARN_UNDECLARED_SELECTOR = YES;
				GCC_WARN_UNINITIALIZED_AUTOS = YES_AGGRESSIVE;
				GCC_WARN_UNUSED_FUNCTION = YES;
				GCC_WARN_UNUSED_VARIABLE = YES;
				MACOSX_DEPLOYMENT_TARGET = 10.14;
				MTL_ENABLE_DEBUG_INFO = INCLUDE_SOURCE;
				MTL_FAST_MATH = YES;
				ONLY_ACTIVE_ARCH = YES;
				SDKROOT = macosx;
				SWIFT_ACTIVE_COMPILATION_CONDITIONS = DEBUG;
				SWIFT_OPTIMIZATION_LEVEL = "-Onone";
			};
			name = Debug;
		};
		93122F58224A391100051AC5 /* Release */ = {
			isa = XCBuildConfiguration;
			buildSettings = {
				ALWAYS_SEARCH_USER_PATHS = NO;
				CLANG_ANALYZER_NONNULL = YES;
				CLANG_ANALYZER_NUMBER_OBJECT_CONVERSION = YES_AGGRESSIVE;
				CLANG_CXX_LANGUAGE_STANDARD = "gnu++14";
				CLANG_CXX_LIBRARY = "libc++";
				CLANG_ENABLE_MODULES = YES;
				CLANG_ENABLE_OBJC_ARC = YES;
				CLANG_ENABLE_OBJC_WEAK = YES;
				CLANG_WARN_BLOCK_CAPTURE_AUTORELEASING = YES;
				CLANG_WARN_BOOL_CONVERSION = YES;
				CLANG_WARN_COMMA = YES;
				CLANG_WARN_CONSTANT_CONVERSION = YES;
				CLANG_WARN_DEPRECATED_OBJC_IMPLEMENTATIONS = YES;
				CLANG_WARN_DIRECT_OBJC_ISA_USAGE = YES_ERROR;
				CLANG_WARN_DOCUMENTATION_COMMENTS = YES;
				CLANG_WARN_EMPTY_BODY = YES;
				CLANG_WARN_ENUM_CONVERSION = YES;
				CLANG_WARN_INFINITE_RECURSION = YES;
				CLANG_WARN_INT_CONVERSION = YES;
				CLANG_WARN_NON_LITERAL_NULL_CONVERSION = YES;
				CLANG_WARN_OBJC_IMPLICIT_RETAIN_SELF = YES;
				CLANG_WARN_OBJC_LITERAL_CONVERSION = YES;
				CLANG_WARN_OBJC_ROOT_CLASS = YES_ERROR;
				CLANG_WARN_RANGE_LOOP_ANALYSIS = YES;
				CLANG_WARN_STRICT_PROTOTYPES = YES;
				CLANG_WARN_SUSPICIOUS_MOVE = YES;
				CLANG_WARN_UNGUARDED_AVAILABILITY = YES_AGGRESSIVE;
				CLANG_WARN_UNREACHABLE_CODE = YES;
				CLANG_WARN__DUPLICATE_METHOD_MATCH = YES;
				CODE_SIGN_IDENTITY = "Mac Developer";
				COPY_PHASE_STRIP = NO;
				DEBUG_INFORMATION_FORMAT = "dwarf-with-dsym";
				ENABLE_NS_ASSERTIONS = NO;
				ENABLE_STRICT_OBJC_MSGSEND = YES;
				GCC_C_LANGUAGE_STANDARD = gnu11;
				GCC_NO_COMMON_BLOCKS = YES;
				GCC_WARN_64_TO_32_BIT_CONVERSION = YES;
				GCC_WARN_ABOUT_RETURN_TYPE = YES_ERROR;
				GCC_WARN_UNDECLARED_SELECTOR = YES;
				GCC_WARN_UNINITIALIZED_AUTOS = YES_AGGRESSIVE;
				GCC_WARN_UNUSED_FUNCTION = YES;
				GCC_WARN_UNUSED_VARIABLE = YES;
				MACOSX_DEPLOYMENT_TARGET = 10.14;
				MTL_ENABLE_DEBUG_INFO = NO;
				MTL_FAST_MATH = YES;
				SDKROOT = macosx;
				SWIFT_COMPILATION_MODE = wholemodule;
				SWIFT_OPTIMIZATION_LEVEL = "-O";
			};
			name = Release;
		};
		93122F5A224A391100051AC5 /* Debug */ = {
			isa = XCBuildConfiguration;
			buildSettings = {
				CODE_SIGN_STYLE = Automatic;
				DEVELOPMENT_TEAM = WDSNS842MX;
				LD_RUNPATH_SEARCH_PATHS = "${DT_TOOLCHAIN_DIR}/usr/lib/swift/macosx/";
				LIBRARY_SEARCH_PATHS = "${DT_TOOLCHAIN_DIR}/usr/lib/swift/macosx/";
				PRODUCT_NAME = "$(TARGET_NAME)";
				SWIFT_VERSION = 5.0;
			};
			name = Debug;
		};
		93122F5B224A391100051AC5 /* Release */ = {
			isa = XCBuildConfiguration;
			buildSettings = {
				CODE_SIGN_STYLE = Automatic;
				DEVELOPMENT_TEAM = WDSNS842MX;
				LD_RUNPATH_SEARCH_PATHS = "${DT_TOOLCHAIN_DIR}/usr/lib/swift/macosx/";
				LIBRARY_SEARCH_PATHS = "${DT_TOOLCHAIN_DIR}/usr/lib/swift/macosx/";
				PRODUCT_NAME = "$(TARGET_NAME)";
				SWIFT_VERSION = 5.0;
			};
			name = Release;
		};
/* End XCBuildConfiguration section */

/* Begin XCConfigurationList section */
		93122F4D224A391100051AC5 /* Build configuration list for PBXProject "Swift-LeetCode" */ = {
			isa = XCConfigurationList;
			buildConfigurations = (
				93122F57224A391100051AC5 /* Debug */,
				93122F58224A391100051AC5 /* Release */,
			);
			defaultConfigurationIsVisible = 0;
			defaultConfigurationName = Release;
		};
		93122F59224A391100051AC5 /* Build configuration list for PBXNativeTarget "Swift-LeetCode" */ = {
			isa = XCConfigurationList;
			buildConfigurations = (
				93122F5A224A391100051AC5 /* Debug */,
				93122F5B224A391100051AC5 /* Release */,
			);
			defaultConfigurationIsVisible = 0;
			defaultConfigurationName = Release;
		};
/* End XCConfigurationList section */
	};
	rootObject = 93122F4A224A391100051AC5 /* Project object */;
}
